// !$*UTF8*$!
{
	archiveVersion = 1;
	classes = {
	};
	objectVersion = 46;
	objects = {

/* Begin PBXBuildFile section */
		095125791AB92B9F00D95B2A /* main.m in Sources */ = {isa = PBXBuildFile; fileRef = 095125781AB92B9F00D95B2A /* main.m */; };
		0951257C1AB92B9F00D95B2A /* AppDelegate.m in Sources */ = {isa = PBXBuildFile; fileRef = 0951257B1AB92B9F00D95B2A /* AppDelegate.m */; };
		0951257F1AB92B9F00D95B2A /* ViewController.m in Sources */ = {isa = PBXBuildFile; fileRef = 0951257E1AB92B9F00D95B2A /* ViewController.m */; };
		095125821AB92B9F00D95B2A /* Main.storyboard in Resources */ = {isa = PBXBuildFile; fileRef = 095125801AB92B9F00D95B2A /* Main.storyboard */; };
		095125841AB92B9F00D95B2A /* Images.xcassets in Resources */ = {isa = PBXBuildFile; fileRef = 095125831AB92B9F00D95B2A /* Images.xcassets */; };
		095125871AB92B9F00D95B2A /* LaunchScreen.xib in Resources */ = {isa = PBXBuildFile; fileRef = 095125851AB92B9F00D95B2A /* LaunchScreen.xib */; };
		095125931AB92B9F00D95B2A /* FMDBShootOutTests.m in Sources */ = {isa = PBXBuildFile; fileRef = 095125921AB92B9F00D95B2A /* FMDBShootOutTests.m */; };
		095125A31AB92E2300D95B2A /* main.m in Sources */ = {isa = PBXBuildFile; fileRef = 095125A21AB92E2300D95B2A /* main.m */; };
		095125A61AB92E2300D95B2A /* AppDelegate.m in Sources */ = {isa = PBXBuildFile; fileRef = 095125A51AB92E2300D95B2A /* AppDelegate.m */; };
		095125A91AB92E2300D95B2A /* ViewController.m in Sources */ = {isa = PBXBuildFile; fileRef = 095125A81AB92E2300D95B2A /* ViewController.m */; };
		095125AC1AB92E2300D95B2A /* Main.storyboard in Resources */ = {isa = PBXBuildFile; fileRef = 095125AA1AB92E2300D95B2A /* Main.storyboard */; };
		095125AE1AB92E2300D95B2A /* Images.xcassets in Resources */ = {isa = PBXBuildFile; fileRef = 095125AD1AB92E2300D95B2A /* Images.xcassets */; };
		095125B11AB92E2300D95B2A /* LaunchScreen.xib in Resources */ = {isa = PBXBuildFile; fileRef = 095125AF1AB92E2300D95B2A /* LaunchScreen.xib */; };
		095125BD1AB92E2300D95B2A /* RLiteShootOutTests.m in Sources */ = {isa = PBXBuildFile; fileRef = 095125BC1AB92E2300D95B2A /* RLiteShootOutTests.m */; };
		095125CD1AB92E3400D95B2A /* main.m in Sources */ = {isa = PBXBuildFile; fileRef = 095125CC1AB92E3400D95B2A /* main.m */; };
		095125D01AB92E3400D95B2A /* AppDelegate.m in Sources */ = {isa = PBXBuildFile; fileRef = 095125CF1AB92E3400D95B2A /* AppDelegate.m */; };
		095125D31AB92E3400D95B2A /* ViewController.m in Sources */ = {isa = PBXBuildFile; fileRef = 095125D21AB92E3400D95B2A /* ViewController.m */; };
		095125D61AB92E3400D95B2A /* Main.storyboard in Resources */ = {isa = PBXBuildFile; fileRef = 095125D41AB92E3400D95B2A /* Main.storyboard */; };
		095125D81AB92E3400D95B2A /* Images.xcassets in Resources */ = {isa = PBXBuildFile; fileRef = 095125D71AB92E3400D95B2A /* Images.xcassets */; };
		095125DB1AB92E3400D95B2A /* LaunchScreen.xib in Resources */ = {isa = PBXBuildFile; fileRef = 095125D91AB92E3400D95B2A /* LaunchScreen.xib */; };
		095125E71AB92E3400D95B2A /* RealmShootOutTests.m in Sources */ = {isa = PBXBuildFile; fileRef = 095125E61AB92E3400D95B2A /* RealmShootOutTests.m */; };
		095125F71AB92E4900D95B2A /* main.m in Sources */ = {isa = PBXBuildFile; fileRef = 095125F61AB92E4900D95B2A /* main.m */; };
		095125FA1AB92E4900D95B2A /* AppDelegate.m in Sources */ = {isa = PBXBuildFile; fileRef = 095125F91AB92E4900D95B2A /* AppDelegate.m */; };
		095125FD1AB92E4900D95B2A /* ViewController.m in Sources */ = {isa = PBXBuildFile; fileRef = 095125FC1AB92E4900D95B2A /* ViewController.m */; };
		095126001AB92E4900D95B2A /* Main.storyboard in Resources */ = {isa = PBXBuildFile; fileRef = 095125FE1AB92E4900D95B2A /* Main.storyboard */; };
		095126021AB92E4900D95B2A /* Images.xcassets in Resources */ = {isa = PBXBuildFile; fileRef = 095126011AB92E4900D95B2A /* Images.xcassets */; };
		095126051AB92E4900D95B2A /* LaunchScreen.xib in Resources */ = {isa = PBXBuildFile; fileRef = 095126031AB92E4900D95B2A /* LaunchScreen.xib */; };
		095126111AB92E4900D95B2A /* CoreDataShootOutTests.m in Sources */ = {isa = PBXBuildFile; fileRef = 095126101AB92E4900D95B2A /* CoreDataShootOutTests.m */; };
		095126211AB92E6A00D95B2A /* main.m in Sources */ = {isa = PBXBuildFile; fileRef = 095126201AB92E6A00D95B2A /* main.m */; };
		095126241AB92E6A00D95B2A /* AppDelegate.m in Sources */ = {isa = PBXBuildFile; fileRef = 095126231AB92E6A00D95B2A /* AppDelegate.m */; };
		095126271AB92E6A00D95B2A /* ViewController.m in Sources */ = {isa = PBXBuildFile; fileRef = 095126261AB92E6A00D95B2A /* ViewController.m */; };
		0951262A1AB92E6A00D95B2A /* Main.storyboard in Resources */ = {isa = PBXBuildFile; fileRef = 095126281AB92E6A00D95B2A /* Main.storyboard */; };
		0951262C1AB92E6A00D95B2A /* Images.xcassets in Resources */ = {isa = PBXBuildFile; fileRef = 0951262B1AB92E6A00D95B2A /* Images.xcassets */; };
		0951262F1AB92E6A00D95B2A /* LaunchScreen.xib in Resources */ = {isa = PBXBuildFile; fileRef = 0951262D1AB92E6A00D95B2A /* LaunchScreen.xib */; };
		0951263B1AB92E6A00D95B2A /* NSUserDefaultsShootOutTests.m in Sources */ = {isa = PBXBuildFile; fileRef = 0951263A1AB92E6A00D95B2A /* NSUserDefaultsShootOutTests.m */; };
		0951264B1AB92E8000D95B2A /* main.m in Sources */ = {isa = PBXBuildFile; fileRef = 0951264A1AB92E8000D95B2A /* main.m */; };
		0951264E1AB92E8000D95B2A /* AppDelegate.m in Sources */ = {isa = PBXBuildFile; fileRef = 0951264D1AB92E8000D95B2A /* AppDelegate.m */; };
		095126511AB92E8000D95B2A /* ViewController.m in Sources */ = {isa = PBXBuildFile; fileRef = 095126501AB92E8000D95B2A /* ViewController.m */; };
		095126541AB92E8000D95B2A /* Main.storyboard in Resources */ = {isa = PBXBuildFile; fileRef = 095126521AB92E8000D95B2A /* Main.storyboard */; };
		095126561AB92E8000D95B2A /* Images.xcassets in Resources */ = {isa = PBXBuildFile; fileRef = 095126551AB92E8000D95B2A /* Images.xcassets */; };
		095126591AB92E8000D95B2A /* LaunchScreen.xib in Resources */ = {isa = PBXBuildFile; fileRef = 095126571AB92E8000D95B2A /* LaunchScreen.xib */; };
		095126651AB92E8000D95B2A /* NSKeyedArchiverShootOutTests.m in Sources */ = {isa = PBXBuildFile; fileRef = 095126641AB92E8000D95B2A /* NSKeyedArchiverShootOutTests.m */; };
		09E755441AB9226200220D44 /* main.m in Sources */ = {isa = PBXBuildFile; fileRef = 09E755431AB9226200220D44 /* main.m */; };
		09E755471AB9226200220D44 /* AppDelegate.m in Sources */ = {isa = PBXBuildFile; fileRef = 09E755461AB9226200220D44 /* AppDelegate.m */; };
		09E7554A1AB9226200220D44 /* ViewController.m in Sources */ = {isa = PBXBuildFile; fileRef = 09E755491AB9226200220D44 /* ViewController.m */; };
		09E7554D1AB9226200220D44 /* Main.storyboard in Resources */ = {isa = PBXBuildFile; fileRef = 09E7554B1AB9226200220D44 /* Main.storyboard */; };
		09E7554F1AB9226200220D44 /* Images.xcassets in Resources */ = {isa = PBXBuildFile; fileRef = 09E7554E1AB9226200220D44 /* Images.xcassets */; };
		09E755521AB9226200220D44 /* LaunchScreen.xib in Resources */ = {isa = PBXBuildFile; fileRef = 09E755501AB9226200220D44 /* LaunchScreen.xib */; };
		09E7555E1AB9226200220D44 /* YAPShootOutTests.m in Sources */ = {isa = PBXBuildFile; fileRef = 09E7555D1AB9226200220D44 /* YAPShootOutTests.m */; };
		23E3CA21EDA9075144437B06 /* libPods-RLiteShootOut.a in Frameworks */ = {isa = PBXBuildFile; fileRef = 391573917EEFB918D4424F96 /* libPods-RLiteShootOut.a */; };
		48422D133E04B042282A9C47 /* libPods-YAPShootOut.a in Frameworks */ = {isa = PBXBuildFile; fileRef = 95A4C468D5E48DE7E34ABDC3 /* libPods-YAPShootOut.a */; };
		7BD97C4F633340B64B623D08 /* libPods-RealmShootOut.a in Frameworks */ = {isa = PBXBuildFile; fileRef = 180E2629EE1AC0BAAEFD15E3 /* libPods-RealmShootOut.a */; };
		BD44555359E05F38075FA7A9 /* libPods-FMDBShootOut.a in Frameworks */ = {isa = PBXBuildFile; fileRef = D59BEE5DB911339B69681F43 /* libPods-FMDBShootOut.a */; };
/* End PBXBuildFile section */

/* Begin PBXContainerItemProxy section */
		0951258D1AB92B9F00D95B2A /* PBXContainerItemProxy */ = {
			isa = PBXContainerItemProxy;
			containerPortal = 09E755361AB9226200220D44 /* Project object */;
			proxyType = 1;
			remoteGlobalIDString = 095125731AB92B9F00D95B2A;
			remoteInfo = FMDBShootOut;
		};
		095125B71AB92E2300D95B2A /* PBXContainerItemProxy */ = {
			isa = PBXContainerItemProxy;
			containerPortal = 09E755361AB9226200220D44 /* Project object */;
			proxyType = 1;
			remoteGlobalIDString = 0951259D1AB92E2300D95B2A;
			remoteInfo = RLiteShootOut;
		};
		095125E11AB92E3400D95B2A /* PBXContainerItemProxy */ = {
			isa = PBXContainerItemProxy;
			containerPortal = 09E755361AB9226200220D44 /* Project object */;
			proxyType = 1;
			remoteGlobalIDString = 095125C71AB92E3400D95B2A;
			remoteInfo = RealmShootOut;
		};
		0951260B1AB92E4900D95B2A /* PBXContainerItemProxy */ = {
			isa = PBXContainerItemProxy;
			containerPortal = 09E755361AB9226200220D44 /* Project object */;
			proxyType = 1;
			remoteGlobalIDString = 095125F11AB92E4900D95B2A;
			remoteInfo = CoreDataShootOut;
		};
		095126351AB92E6A00D95B2A /* PBXContainerItemProxy */ = {
			isa = PBXContainerItemProxy;
			containerPortal = 09E755361AB9226200220D44 /* Project object */;
			proxyType = 1;
			remoteGlobalIDString = 0951261B1AB92E6A00D95B2A;
			remoteInfo = NSUserDefaultsShootOut;
		};
		0951265F1AB92E8000D95B2A /* PBXContainerItemProxy */ = {
			isa = PBXContainerItemProxy;
			containerPortal = 09E755361AB9226200220D44 /* Project object */;
			proxyType = 1;
			remoteGlobalIDString = 095126451AB92E8000D95B2A;
			remoteInfo = NSKeyedArchiverShootOut;
		};
		09E755581AB9226200220D44 /* PBXContainerItemProxy */ = {
			isa = PBXContainerItemProxy;
			containerPortal = 09E755361AB9226200220D44 /* Project object */;
			proxyType = 1;
			remoteGlobalIDString = 09E7553D1AB9226200220D44;
			remoteInfo = YAPShootOut;
		};
/* End PBXContainerItemProxy section */

/* Begin PBXFileReference section */
		07DA65D9E05AC099DC486D3E /* Pods-RealmShootOut.release.xcconfig */ = {isa = PBXFileReference; includeInIndex = 1; lastKnownFileType = text.xcconfig; name = "Pods-RealmShootOut.release.xcconfig"; path = "Pods/Target Support Files/Pods-RealmShootOut/Pods-RealmShootOut.release.xcconfig"; sourceTree = "<group>"; };
		095125741AB92B9F00D95B2A /* FMDBShootOut.app */ = {isa = PBXFileReference; explicitFileType = wrapper.application; includeInIndex = 0; path = FMDBShootOut.app; sourceTree = BUILT_PRODUCTS_DIR; };
		095125771AB92B9F00D95B2A /* Info.plist */ = {isa = PBXFileReference; lastKnownFileType = text.plist.xml; path = Info.plist; sourceTree = "<group>"; };
		095125781AB92B9F00D95B2A /* main.m */ = {isa = PBXFileReference; lastKnownFileType = sourcecode.c.objc; path = main.m; sourceTree = "<group>"; };
		0951257A1AB92B9F00D95B2A /* AppDelegate.h */ = {isa = PBXFileReference; lastKnownFileType = sourcecode.c.h; path = AppDelegate.h; sourceTree = "<group>"; };
		0951257B1AB92B9F00D95B2A /* AppDelegate.m */ = {isa = PBXFileReference; lastKnownFileType = sourcecode.c.objc; path = AppDelegate.m; sourceTree = "<group>"; };
		0951257D1AB92B9F00D95B2A /* ViewController.h */ = {isa = PBXFileReference; lastKnownFileType = sourcecode.c.h; path = ViewController.h; sourceTree = "<group>"; };
		0951257E1AB92B9F00D95B2A /* ViewController.m */ = {isa = PBXFileReference; lastKnownFileType = sourcecode.c.objc; path = ViewController.m; sourceTree = "<group>"; };
		095125811AB92B9F00D95B2A /* Base */ = {isa = PBXFileReference; lastKnownFileType = file.storyboard; name = Base; path = Base.lproj/Main.storyboard; sourceTree = "<group>"; };
		095125831AB92B9F00D95B2A /* Images.xcassets */ = {isa = PBXFileReference; lastKnownFileType = folder.assetcatalog; path = Images.xcassets; sourceTree = "<group>"; };
		095125861AB92B9F00D95B2A /* Base */ = {isa = PBXFileReference; lastKnownFileType = file.xib; name = Base; path = Base.lproj/LaunchScreen.xib; sourceTree = "<group>"; };
		0951258C1AB92B9F00D95B2A /* FMDBShootOutTests.xctest */ = {isa = PBXFileReference; explicitFileType = wrapper.cfbundle; includeInIndex = 0; path = FMDBShootOutTests.xctest; sourceTree = BUILT_PRODUCTS_DIR; };
		095125911AB92B9F00D95B2A /* Info.plist */ = {isa = PBXFileReference; lastKnownFileType = text.plist.xml; path = Info.plist; sourceTree = "<group>"; };
		095125921AB92B9F00D95B2A /* FMDBShootOutTests.m */ = {isa = PBXFileReference; lastKnownFileType = sourcecode.c.objc; path = FMDBShootOutTests.m; sourceTree = "<group>"; };
		0951259E1AB92E2300D95B2A /* RLiteShootOut.app */ = {isa = PBXFileReference; explicitFileType = wrapper.application; includeInIndex = 0; path = RLiteShootOut.app; sourceTree = BUILT_PRODUCTS_DIR; };
		095125A11AB92E2300D95B2A /* Info.plist */ = {isa = PBXFileReference; lastKnownFileType = text.plist.xml; path = Info.plist; sourceTree = "<group>"; };
		095125A21AB92E2300D95B2A /* main.m */ = {isa = PBXFileReference; lastKnownFileType = sourcecode.c.objc; path = main.m; sourceTree = "<group>"; };
		095125A41AB92E2300D95B2A /* AppDelegate.h */ = {isa = PBXFileReference; lastKnownFileType = sourcecode.c.h; path = AppDelegate.h; sourceTree = "<group>"; };
		095125A51AB92E2300D95B2A /* AppDelegate.m */ = {isa = PBXFileReference; lastKnownFileType = sourcecode.c.objc; path = AppDelegate.m; sourceTree = "<group>"; };
		095125A71AB92E2300D95B2A /* ViewController.h */ = {isa = PBXFileReference; lastKnownFileType = sourcecode.c.h; path = ViewController.h; sourceTree = "<group>"; };
		095125A81AB92E2300D95B2A /* ViewController.m */ = {isa = PBXFileReference; lastKnownFileType = sourcecode.c.objc; path = ViewController.m; sourceTree = "<group>"; };
		095125AB1AB92E2300D95B2A /* Base */ = {isa = PBXFileReference; lastKnownFileType = file.storyboard; name = Base; path = Base.lproj/Main.storyboard; sourceTree = "<group>"; };
		095125AD1AB92E2300D95B2A /* Images.xcassets */ = {isa = PBXFileReference; lastKnownFileType = folder.assetcatalog; path = Images.xcassets; sourceTree = "<group>"; };
		095125B01AB92E2300D95B2A /* Base */ = {isa = PBXFileReference; lastKnownFileType = file.xib; name = Base; path = Base.lproj/LaunchScreen.xib; sourceTree = "<group>"; };
		095125B61AB92E2300D95B2A /* RLiteShootOutTests.xctest */ = {isa = PBXFileReference; explicitFileType = wrapper.cfbundle; includeInIndex = 0; path = RLiteShootOutTests.xctest; sourceTree = BUILT_PRODUCTS_DIR; };
		095125BB1AB92E2300D95B2A /* Info.plist */ = {isa = PBXFileReference; lastKnownFileType = text.plist.xml; path = Info.plist; sourceTree = "<group>"; };
		095125BC1AB92E2300D95B2A /* RLiteShootOutTests.m */ = {isa = PBXFileReference; lastKnownFileType = sourcecode.c.objc; path = RLiteShootOutTests.m; sourceTree = "<group>"; };
		095125C81AB92E3400D95B2A /* RealmShootOut.app */ = {isa = PBXFileReference; explicitFileType = wrapper.application; includeInIndex = 0; path = RealmShootOut.app; sourceTree = BUILT_PRODUCTS_DIR; };
		095125CB1AB92E3400D95B2A /* Info.plist */ = {isa = PBXFileReference; lastKnownFileType = text.plist.xml; path = Info.plist; sourceTree = "<group>"; };
		095125CC1AB92E3400D95B2A /* main.m */ = {isa = PBXFileReference; lastKnownFileType = sourcecode.c.objc; path = main.m; sourceTree = "<group>"; };
		095125CE1AB92E3400D95B2A /* AppDelegate.h */ = {isa = PBXFileReference; lastKnownFileType = sourcecode.c.h; path = AppDelegate.h; sourceTree = "<group>"; };
		095125CF1AB92E3400D95B2A /* AppDelegate.m */ = {isa = PBXFileReference; lastKnownFileType = sourcecode.c.objc; path = AppDelegate.m; sourceTree = "<group>"; };
		095125D11AB92E3400D95B2A /* ViewController.h */ = {isa = PBXFileReference; lastKnownFileType = sourcecode.c.h; path = ViewController.h; sourceTree = "<group>"; };
		095125D21AB92E3400D95B2A /* ViewController.m */ = {isa = PBXFileReference; lastKnownFileType = sourcecode.c.objc; path = ViewController.m; sourceTree = "<group>"; };
		095125D51AB92E3400D95B2A /* Base */ = {isa = PBXFileReference; lastKnownFileType = file.storyboard; name = Base; path = Base.lproj/Main.storyboard; sourceTree = "<group>"; };
		095125D71AB92E3400D95B2A /* Images.xcassets */ = {isa = PBXFileReference; lastKnownFileType = folder.assetcatalog; path = Images.xcassets; sourceTree = "<group>"; };
		095125DA1AB92E3400D95B2A /* Base */ = {isa = PBXFileReference; lastKnownFileType = file.xib; name = Base; path = Base.lproj/LaunchScreen.xib; sourceTree = "<group>"; };
		095125E01AB92E3400D95B2A /* RealmShootOutTests.xctest */ = {isa = PBXFileReference; explicitFileType = wrapper.cfbundle; includeInIndex = 0; path = RealmShootOutTests.xctest; sourceTree = BUILT_PRODUCTS_DIR; };
		095125E51AB92E3400D95B2A /* Info.plist */ = {isa = PBXFileReference; lastKnownFileType = text.plist.xml; path = Info.plist; sourceTree = "<group>"; };
		095125E61AB92E3400D95B2A /* RealmShootOutTests.m */ = {isa = PBXFileReference; lastKnownFileType = sourcecode.c.objc; path = RealmShootOutTests.m; sourceTree = "<group>"; };
		095125F21AB92E4900D95B2A /* CoreDataShootOut.app */ = {isa = PBXFileReference; explicitFileType = wrapper.application; includeInIndex = 0; path = CoreDataShootOut.app; sourceTree = BUILT_PRODUCTS_DIR; };
		095125F51AB92E4900D95B2A /* Info.plist */ = {isa = PBXFileReference; lastKnownFileType = text.plist.xml; path = Info.plist; sourceTree = "<group>"; };
		095125F61AB92E4900D95B2A /* main.m */ = {isa = PBXFileReference; lastKnownFileType = sourcecode.c.objc; path = main.m; sourceTree = "<group>"; };
		095125F81AB92E4900D95B2A /* AppDelegate.h */ = {isa = PBXFileReference; lastKnownFileType = sourcecode.c.h; path = AppDelegate.h; sourceTree = "<group>"; };
		095125F91AB92E4900D95B2A /* AppDelegate.m */ = {isa = PBXFileReference; lastKnownFileType = sourcecode.c.objc; path = AppDelegate.m; sourceTree = "<group>"; };
		095125FB1AB92E4900D95B2A /* ViewController.h */ = {isa = PBXFileReference; lastKnownFileType = sourcecode.c.h; path = ViewController.h; sourceTree = "<group>"; };
		095125FC1AB92E4900D95B2A /* ViewController.m */ = {isa = PBXFileReference; lastKnownFileType = sourcecode.c.objc; path = ViewController.m; sourceTree = "<group>"; };
		095125FF1AB92E4900D95B2A /* Base */ = {isa = PBXFileReference; lastKnownFileType = file.storyboard; name = Base; path = Base.lproj/Main.storyboard; sourceTree = "<group>"; };
		095126011AB92E4900D95B2A /* Images.xcassets */ = {isa = PBXFileReference; lastKnownFileType = folder.assetcatalog; path = Images.xcassets; sourceTree = "<group>"; };
		095126041AB92E4900D95B2A /* Base */ = {isa = PBXFileReference; lastKnownFileType = file.xib; name = Base; path = Base.lproj/LaunchScreen.xib; sourceTree = "<group>"; };
		0951260A1AB92E4900D95B2A /* CoreDataShootOutTests.xctest */ = {isa = PBXFileReference; explicitFileType = wrapper.cfbundle; includeInIndex = 0; path = CoreDataShootOutTests.xctest; sourceTree = BUILT_PRODUCTS_DIR; };
		0951260F1AB92E4900D95B2A /* Info.plist */ = {isa = PBXFileReference; lastKnownFileType = text.plist.xml; path = Info.plist; sourceTree = "<group>"; };
		095126101AB92E4900D95B2A /* CoreDataShootOutTests.m */ = {isa = PBXFileReference; lastKnownFileType = sourcecode.c.objc; path = CoreDataShootOutTests.m; sourceTree = "<group>"; };
		0951261C1AB92E6A00D95B2A /* NSUserDefaultsShootOut.app */ = {isa = PBXFileReference; explicitFileType = wrapper.application; includeInIndex = 0; path = NSUserDefaultsShootOut.app; sourceTree = BUILT_PRODUCTS_DIR; };
		0951261F1AB92E6A00D95B2A /* Info.plist */ = {isa = PBXFileReference; lastKnownFileType = text.plist.xml; path = Info.plist; sourceTree = "<group>"; };
		095126201AB92E6A00D95B2A /* main.m */ = {isa = PBXFileReference; lastKnownFileType = sourcecode.c.objc; path = main.m; sourceTree = "<group>"; };
		095126221AB92E6A00D95B2A /* AppDelegate.h */ = {isa = PBXFileReference; lastKnownFileType = sourcecode.c.h; path = AppDelegate.h; sourceTree = "<group>"; };
		095126231AB92E6A00D95B2A /* AppDelegate.m */ = {isa = PBXFileReference; lastKnownFileType = sourcecode.c.objc; path = AppDelegate.m; sourceTree = "<group>"; };
		095126251AB92E6A00D95B2A /* ViewController.h */ = {isa = PBXFileReference; lastKnownFileType = sourcecode.c.h; path = ViewController.h; sourceTree = "<group>"; };
		095126261AB92E6A00D95B2A /* ViewController.m */ = {isa = PBXFileReference; lastKnownFileType = sourcecode.c.objc; path = ViewController.m; sourceTree = "<group>"; };
		095126291AB92E6A00D95B2A /* Base */ = {isa = PBXFileReference; lastKnownFileType = file.storyboard; name = Base; path = Base.lproj/Main.storyboard; sourceTree = "<group>"; };
		0951262B1AB92E6A00D95B2A /* Images.xcassets */ = {isa = PBXFileReference; lastKnownFileType = folder.assetcatalog; path = Images.xcassets; sourceTree = "<group>"; };
		0951262E1AB92E6A00D95B2A /* Base */ = {isa = PBXFileReference; lastKnownFileType = file.xib; name = Base; path = Base.lproj/LaunchScreen.xib; sourceTree = "<group>"; };
		095126341AB92E6A00D95B2A /* NSUserDefaultsShootOutTests.xctest */ = {isa = PBXFileReference; explicitFileType = wrapper.cfbundle; includeInIndex = 0; path = NSUserDefaultsShootOutTests.xctest; sourceTree = BUILT_PRODUCTS_DIR; };
		095126391AB92E6A00D95B2A /* Info.plist */ = {isa = PBXFileReference; lastKnownFileType = text.plist.xml; path = Info.plist; sourceTree = "<group>"; };
		0951263A1AB92E6A00D95B2A /* NSUserDefaultsShootOutTests.m */ = {isa = PBXFileReference; lastKnownFileType = sourcecode.c.objc; path = NSUserDefaultsShootOutTests.m; sourceTree = "<group>"; };
		095126461AB92E8000D95B2A /* NSKeyedArchiverShootOut.app */ = {isa = PBXFileReference; explicitFileType = wrapper.application; includeInIndex = 0; path = NSKeyedArchiverShootOut.app; sourceTree = BUILT_PRODUCTS_DIR; };
		095126491AB92E8000D95B2A /* Info.plist */ = {isa = PBXFileReference; lastKnownFileType = text.plist.xml; path = Info.plist; sourceTree = "<group>"; };
		0951264A1AB92E8000D95B2A /* main.m */ = {isa = PBXFileReference; lastKnownFileType = sourcecode.c.objc; path = main.m; sourceTree = "<group>"; };
		0951264C1AB92E8000D95B2A /* AppDelegate.h */ = {isa = PBXFileReference; lastKnownFileType = sourcecode.c.h; path = AppDelegate.h; sourceTree = "<group>"; };
		0951264D1AB92E8000D95B2A /* AppDelegate.m */ = {isa = PBXFileReference; lastKnownFileType = sourcecode.c.objc; path = AppDelegate.m; sourceTree = "<group>"; };
		0951264F1AB92E8000D95B2A /* ViewController.h */ = {isa = PBXFileReference; lastKnownFileType = sourcecode.c.h; path = ViewController.h; sourceTree = "<group>"; };
		095126501AB92E8000D95B2A /* ViewController.m */ = {isa = PBXFileReference; lastKnownFileType = sourcecode.c.objc; path = ViewController.m; sourceTree = "<group>"; };
		095126531AB92E8000D95B2A /* Base */ = {isa = PBXFileReference; lastKnownFileType = file.storyboard; name = Base; path = Base.lproj/Main.storyboard; sourceTree = "<group>"; };
		095126551AB92E8000D95B2A /* Images.xcassets */ = {isa = PBXFileReference; lastKnownFileType = folder.assetcatalog; path = Images.xcassets; sourceTree = "<group>"; };
		095126581AB92E8000D95B2A /* Base */ = {isa = PBXFileReference; lastKnownFileType = file.xib; name = Base; path = Base.lproj/LaunchScreen.xib; sourceTree = "<group>"; };
		0951265E1AB92E8000D95B2A /* NSKeyedArchiverShootOutTests.xctest */ = {isa = PBXFileReference; explicitFileType = wrapper.cfbundle; includeInIndex = 0; path = NSKeyedArchiverShootOutTests.xctest; sourceTree = BUILT_PRODUCTS_DIR; };
		095126631AB92E8000D95B2A /* Info.plist */ = {isa = PBXFileReference; lastKnownFileType = text.plist.xml; path = Info.plist; sourceTree = "<group>"; };
		095126641AB92E8000D95B2A /* NSKeyedArchiverShootOutTests.m */ = {isa = PBXFileReference; lastKnownFileType = sourcecode.c.objc; path = NSKeyedArchiverShootOutTests.m; sourceTree = "<group>"; };
		09E7553E1AB9226200220D44 /* YAPShootOut.app */ = {isa = PBXFileReference; explicitFileType = wrapper.application; includeInIndex = 0; path = YAPShootOut.app; sourceTree = BUILT_PRODUCTS_DIR; };
		09E755421AB9226200220D44 /* Info.plist */ = {isa = PBXFileReference; lastKnownFileType = text.plist.xml; path = Info.plist; sourceTree = "<group>"; };
		09E755431AB9226200220D44 /* main.m */ = {isa = PBXFileReference; lastKnownFileType = sourcecode.c.objc; path = main.m; sourceTree = "<group>"; };
		09E755451AB9226200220D44 /* AppDelegate.h */ = {isa = PBXFileReference; lastKnownFileType = sourcecode.c.h; path = AppDelegate.h; sourceTree = "<group>"; };
		09E755461AB9226200220D44 /* AppDelegate.m */ = {isa = PBXFileReference; lastKnownFileType = sourcecode.c.objc; path = AppDelegate.m; sourceTree = "<group>"; };
		09E755481AB9226200220D44 /* ViewController.h */ = {isa = PBXFileReference; lastKnownFileType = sourcecode.c.h; path = ViewController.h; sourceTree = "<group>"; };
		09E755491AB9226200220D44 /* ViewController.m */ = {isa = PBXFileReference; lastKnownFileType = sourcecode.c.objc; path = ViewController.m; sourceTree = "<group>"; };
		09E7554C1AB9226200220D44 /* Base */ = {isa = PBXFileReference; lastKnownFileType = file.storyboard; name = Base; path = Base.lproj/Main.storyboard; sourceTree = "<group>"; };
		09E7554E1AB9226200220D44 /* Images.xcassets */ = {isa = PBXFileReference; lastKnownFileType = folder.assetcatalog; path = Images.xcassets; sourceTree = "<group>"; };
		09E755511AB9226200220D44 /* Base */ = {isa = PBXFileReference; lastKnownFileType = file.xib; name = Base; path = Base.lproj/LaunchScreen.xib; sourceTree = "<group>"; };
		09E755571AB9226200220D44 /* YAPShootOutTests.xctest */ = {isa = PBXFileReference; explicitFileType = wrapper.cfbundle; includeInIndex = 0; path = YAPShootOutTests.xctest; sourceTree = BUILT_PRODUCTS_DIR; };
		09E7555C1AB9226200220D44 /* Info.plist */ = {isa = PBXFileReference; lastKnownFileType = text.plist.xml; path = Info.plist; sourceTree = "<group>"; };
		09E7555D1AB9226200220D44 /* YAPShootOutTests.m */ = {isa = PBXFileReference; lastKnownFileType = sourcecode.c.objc; path = YAPShootOutTests.m; sourceTree = "<group>"; };
		180E2629EE1AC0BAAEFD15E3 /* libPods-RealmShootOut.a */ = {isa = PBXFileReference; explicitFileType = archive.ar; includeInIndex = 0; path = "libPods-RealmShootOut.a"; sourceTree = BUILT_PRODUCTS_DIR; };
		391573917EEFB918D4424F96 /* libPods-RLiteShootOut.a */ = {isa = PBXFileReference; explicitFileType = archive.ar; includeInIndex = 0; path = "libPods-RLiteShootOut.a"; sourceTree = BUILT_PRODUCTS_DIR; };
		4F30AC7B309B421E0D41325C /* Pods-RealmShootOut.debug.xcconfig */ = {isa = PBXFileReference; includeInIndex = 1; lastKnownFileType = text.xcconfig; name = "Pods-RealmShootOut.debug.xcconfig"; path = "Pods/Target Support Files/Pods-RealmShootOut/Pods-RealmShootOut.debug.xcconfig"; sourceTree = "<group>"; };
		60772E72E332D049A57838B4 /* Pods-RLiteShootOut.release.xcconfig */ = {isa = PBXFileReference; includeInIndex = 1; lastKnownFileType = text.xcconfig; name = "Pods-RLiteShootOut.release.xcconfig"; path = "Pods/Target Support Files/Pods-RLiteShootOut/Pods-RLiteShootOut.release.xcconfig"; sourceTree = "<group>"; };
		76CECFFDAAA522563A555979 /* Pods-RLiteShootOut.debug.xcconfig */ = {isa = PBXFileReference; includeInIndex = 1; lastKnownFileType = text.xcconfig; name = "Pods-RLiteShootOut.debug.xcconfig"; path = "Pods/Target Support Files/Pods-RLiteShootOut/Pods-RLiteShootOut.debug.xcconfig"; sourceTree = "<group>"; };
		8A30060F9C53920C8CC3CBE7 /* Pods-YAPShootOut.debug.xcconfig */ = {isa = PBXFileReference; includeInIndex = 1; lastKnownFileType = text.xcconfig; name = "Pods-YAPShootOut.debug.xcconfig"; path = "Pods/Target Support Files/Pods-YAPShootOut/Pods-YAPShootOut.debug.xcconfig"; sourceTree = "<group>"; };
		95A4C468D5E48DE7E34ABDC3 /* libPods-YAPShootOut.a */ = {isa = PBXFileReference; explicitFileType = archive.ar; includeInIndex = 0; path = "libPods-YAPShootOut.a"; sourceTree = BUILT_PRODUCTS_DIR; };
		AC4116E40B1193CACA7D2177 /* Pods-FMDBShootOut.release.xcconfig */ = {isa = PBXFileReference; includeInIndex = 1; lastKnownFileType = text.xcconfig; name = "Pods-FMDBShootOut.release.xcconfig"; path = "Pods/Target Support Files/Pods-FMDBShootOut/Pods-FMDBShootOut.release.xcconfig"; sourceTree = "<group>"; };
		B6845A351F9524B99E069831 /* Pods-FMDBShootOut.debug.xcconfig */ = {isa = PBXFileReference; includeInIndex = 1; lastKnownFileType = text.xcconfig; name = "Pods-FMDBShootOut.debug.xcconfig"; path = "Pods/Target Support Files/Pods-FMDBShootOut/Pods-FMDBShootOut.debug.xcconfig"; sourceTree = "<group>"; };
		D59BEE5DB911339B69681F43 /* libPods-FMDBShootOut.a */ = {isa = PBXFileReference; explicitFileType = archive.ar; includeInIndex = 0; path = "libPods-FMDBShootOut.a"; sourceTree = BUILT_PRODUCTS_DIR; };
		DABD193C3AF80A795C0CC73E /* Pods-YAPShootOut.release.xcconfig */ = {isa = PBXFileReference; includeInIndex = 1; lastKnownFileType = text.xcconfig; name = "Pods-YAPShootOut.release.xcconfig"; path = "Pods/Target Support Files/Pods-YAPShootOut/Pods-YAPShootOut.release.xcconfig"; sourceTree = "<group>"; };
/* End PBXFileReference section */

/* Begin PBXFrameworksBuildPhase section */
		095125711AB92B9F00D95B2A /* Frameworks */ = {
			isa = PBXFrameworksBuildPhase;
			buildActionMask = 2147483647;
			files = (
				BD44555359E05F38075FA7A9 /* libPods-FMDBShootOut.a in Frameworks */,
			);
			runOnlyForDeploymentPostprocessing = 0;
		};
		095125891AB92B9F00D95B2A /* Frameworks */ = {
			isa = PBXFrameworksBuildPhase;
			buildActionMask = 2147483647;
			files = (
			);
			runOnlyForDeploymentPostprocessing = 0;
		};
		0951259B1AB92E2300D95B2A /* Frameworks */ = {
			isa = PBXFrameworksBuildPhase;
			buildActionMask = 2147483647;
			files = (
				23E3CA21EDA9075144437B06 /* libPods-RLiteShootOut.a in Frameworks */,
			);
			runOnlyForDeploymentPostprocessing = 0;
		};
		095125B31AB92E2300D95B2A /* Frameworks */ = {
			isa = PBXFrameworksBuildPhase;
			buildActionMask = 2147483647;
			files = (
			);
			runOnlyForDeploymentPostprocessing = 0;
		};
		095125C51AB92E3400D95B2A /* Frameworks */ = {
			isa = PBXFrameworksBuildPhase;
			buildActionMask = 2147483647;
			files = (
				7BD97C4F633340B64B623D08 /* libPods-RealmShootOut.a in Frameworks */,
			);
			runOnlyForDeploymentPostprocessing = 0;
		};
		095125DD1AB92E3400D95B2A /* Frameworks */ = {
			isa = PBXFrameworksBuildPhase;
			buildActionMask = 2147483647;
			files = (
			);
			runOnlyForDeploymentPostprocessing = 0;
		};
		095125EF1AB92E4900D95B2A /* Frameworks */ = {
			isa = PBXFrameworksBuildPhase;
			buildActionMask = 2147483647;
			files = (
			);
			runOnlyForDeploymentPostprocessing = 0;
		};
		095126071AB92E4900D95B2A /* Frameworks */ = {
			isa = PBXFrameworksBuildPhase;
			buildActionMask = 2147483647;
			files = (
			);
			runOnlyForDeploymentPostprocessing = 0;
		};
		095126191AB92E6A00D95B2A /* Frameworks */ = {
			isa = PBXFrameworksBuildPhase;
			buildActionMask = 2147483647;
			files = (
			);
			runOnlyForDeploymentPostprocessing = 0;
		};
		095126311AB92E6A00D95B2A /* Frameworks */ = {
			isa = PBXFrameworksBuildPhase;
			buildActionMask = 2147483647;
			files = (
			);
			runOnlyForDeploymentPostprocessing = 0;
		};
		095126431AB92E8000D95B2A /* Frameworks */ = {
			isa = PBXFrameworksBuildPhase;
			buildActionMask = 2147483647;
			files = (
			);
			runOnlyForDeploymentPostprocessing = 0;
		};
		0951265B1AB92E8000D95B2A /* Frameworks */ = {
			isa = PBXFrameworksBuildPhase;
			buildActionMask = 2147483647;
			files = (
			);
			runOnlyForDeploymentPostprocessing = 0;
		};
		09E7553B1AB9226200220D44 /* Frameworks */ = {
			isa = PBXFrameworksBuildPhase;
			buildActionMask = 2147483647;
			files = (
				48422D133E04B042282A9C47 /* libPods-YAPShootOut.a in Frameworks */,
			);
			runOnlyForDeploymentPostprocessing = 0;
		};
		09E755541AB9226200220D44 /* Frameworks */ = {
			isa = PBXFrameworksBuildPhase;
			buildActionMask = 2147483647;
			files = (
			);
			runOnlyForDeploymentPostprocessing = 0;
		};
/* End PBXFrameworksBuildPhase section */

/* Begin PBXGroup section */
		095125751AB92B9F00D95B2A /* FMDBShootOut */ = {
			isa = PBXGroup;
			children = (
				0951257A1AB92B9F00D95B2A /* AppDelegate.h */,
				0951257B1AB92B9F00D95B2A /* AppDelegate.m */,
				0951257D1AB92B9F00D95B2A /* ViewController.h */,
				0951257E1AB92B9F00D95B2A /* ViewController.m */,
				095125801AB92B9F00D95B2A /* Main.storyboard */,
				095125831AB92B9F00D95B2A /* Images.xcassets */,
				095125851AB92B9F00D95B2A /* LaunchScreen.xib */,
				095125761AB92B9F00D95B2A /* Supporting Files */,
			);
			path = FMDBShootOut;
			sourceTree = "<group>";
		};
		095125761AB92B9F00D95B2A /* Supporting Files */ = {
			isa = PBXGroup;
			children = (
				095125771AB92B9F00D95B2A /* Info.plist */,
				095125781AB92B9F00D95B2A /* main.m */,
			);
			name = "Supporting Files";
			sourceTree = "<group>";
		};
		0951258F1AB92B9F00D95B2A /* FMDBShootOutTests */ = {
			isa = PBXGroup;
			children = (
				095125921AB92B9F00D95B2A /* FMDBShootOutTests.m */,
				095125901AB92B9F00D95B2A /* Supporting Files */,
			);
			path = FMDBShootOutTests;
			sourceTree = "<group>";
		};
		095125901AB92B9F00D95B2A /* Supporting Files */ = {
			isa = PBXGroup;
			children = (
				095125911AB92B9F00D95B2A /* Info.plist */,
			);
			name = "Supporting Files";
			sourceTree = "<group>";
		};
		0951259F1AB92E2300D95B2A /* RLiteShootOut */ = {
			isa = PBXGroup;
			children = (
				095125A41AB92E2300D95B2A /* AppDelegate.h */,
				095125A51AB92E2300D95B2A /* AppDelegate.m */,
				095125A71AB92E2300D95B2A /* ViewController.h */,
				095125A81AB92E2300D95B2A /* ViewController.m */,
				095125AA1AB92E2300D95B2A /* Main.storyboard */,
				095125AD1AB92E2300D95B2A /* Images.xcassets */,
				095125AF1AB92E2300D95B2A /* LaunchScreen.xib */,
				095125A01AB92E2300D95B2A /* Supporting Files */,
			);
			path = RLiteShootOut;
			sourceTree = "<group>";
		};
		095125A01AB92E2300D95B2A /* Supporting Files */ = {
			isa = PBXGroup;
			children = (
				095125A11AB92E2300D95B2A /* Info.plist */,
				095125A21AB92E2300D95B2A /* main.m */,
			);
			name = "Supporting Files";
			sourceTree = "<group>";
		};
		095125B91AB92E2300D95B2A /* RLiteShootOutTests */ = {
			isa = PBXGroup;
			children = (
				095125BC1AB92E2300D95B2A /* RLiteShootOutTests.m */,
				095125BA1AB92E2300D95B2A /* Supporting Files */,
			);
			path = RLiteShootOutTests;
			sourceTree = "<group>";
		};
		095125BA1AB92E2300D95B2A /* Supporting Files */ = {
			isa = PBXGroup;
			children = (
				095125BB1AB92E2300D95B2A /* Info.plist */,
			);
			name = "Supporting Files";
			sourceTree = "<group>";
		};
		095125C91AB92E3400D95B2A /* RealmShootOut */ = {
			isa = PBXGroup;
			children = (
				095125CE1AB92E3400D95B2A /* AppDelegate.h */,
				095125CF1AB92E3400D95B2A /* AppDelegate.m */,
				095125D11AB92E3400D95B2A /* ViewController.h */,
				095125D21AB92E3400D95B2A /* ViewController.m */,
				095125D41AB92E3400D95B2A /* Main.storyboard */,
				095125D71AB92E3400D95B2A /* Images.xcassets */,
				095125D91AB92E3400D95B2A /* LaunchScreen.xib */,
				095125CA1AB92E3400D95B2A /* Supporting Files */,
			);
			path = RealmShootOut;
			sourceTree = "<group>";
		};
		095125CA1AB92E3400D95B2A /* Supporting Files */ = {
			isa = PBXGroup;
			children = (
				095125CB1AB92E3400D95B2A /* Info.plist */,
				095125CC1AB92E3400D95B2A /* main.m */,
			);
			name = "Supporting Files";
			sourceTree = "<group>";
		};
		095125E31AB92E3400D95B2A /* RealmShootOutTests */ = {
			isa = PBXGroup;
			children = (
				095125E61AB92E3400D95B2A /* RealmShootOutTests.m */,
				095125E41AB92E3400D95B2A /* Supporting Files */,
			);
			path = RealmShootOutTests;
			sourceTree = "<group>";
		};
		095125E41AB92E3400D95B2A /* Supporting Files */ = {
			isa = PBXGroup;
			children = (
				095125E51AB92E3400D95B2A /* Info.plist */,
			);
			name = "Supporting Files";
			sourceTree = "<group>";
		};
		095125F31AB92E4900D95B2A /* CoreDataShootOut */ = {
			isa = PBXGroup;
			children = (
				095125F81AB92E4900D95B2A /* AppDelegate.h */,
				095125F91AB92E4900D95B2A /* AppDelegate.m */,
				095125FB1AB92E4900D95B2A /* ViewController.h */,
				095125FC1AB92E4900D95B2A /* ViewController.m */,
				095125FE1AB92E4900D95B2A /* Main.storyboard */,
				095126011AB92E4900D95B2A /* Images.xcassets */,
				095126031AB92E4900D95B2A /* LaunchScreen.xib */,
				095125F41AB92E4900D95B2A /* Supporting Files */,
			);
			path = CoreDataShootOut;
			sourceTree = "<group>";
		};
		095125F41AB92E4900D95B2A /* Supporting Files */ = {
			isa = PBXGroup;
			children = (
				095125F51AB92E4900D95B2A /* Info.plist */,
				095125F61AB92E4900D95B2A /* main.m */,
			);
			name = "Supporting Files";
			sourceTree = "<group>";
		};
		0951260D1AB92E4900D95B2A /* CoreDataShootOutTests */ = {
			isa = PBXGroup;
			children = (
				095126101AB92E4900D95B2A /* CoreDataShootOutTests.m */,
				0951260E1AB92E4900D95B2A /* Supporting Files */,
			);
			path = CoreDataShootOutTests;
			sourceTree = "<group>";
		};
		0951260E1AB92E4900D95B2A /* Supporting Files */ = {
			isa = PBXGroup;
			children = (
				0951260F1AB92E4900D95B2A /* Info.plist */,
			);
			name = "Supporting Files";
			sourceTree = "<group>";
		};
		0951261D1AB92E6A00D95B2A /* NSUserDefaultsShootOut */ = {
			isa = PBXGroup;
			children = (
				095126221AB92E6A00D95B2A /* AppDelegate.h */,
				095126231AB92E6A00D95B2A /* AppDelegate.m */,
				095126251AB92E6A00D95B2A /* ViewController.h */,
				095126261AB92E6A00D95B2A /* ViewController.m */,
				095126281AB92E6A00D95B2A /* Main.storyboard */,
				0951262B1AB92E6A00D95B2A /* Images.xcassets */,
				0951262D1AB92E6A00D95B2A /* LaunchScreen.xib */,
				0951261E1AB92E6A00D95B2A /* Supporting Files */,
			);
			path = NSUserDefaultsShootOut;
			sourceTree = "<group>";
		};
		0951261E1AB92E6A00D95B2A /* Supporting Files */ = {
			isa = PBXGroup;
			children = (
				0951261F1AB92E6A00D95B2A /* Info.plist */,
				095126201AB92E6A00D95B2A /* main.m */,
			);
			name = "Supporting Files";
			sourceTree = "<group>";
		};
		095126371AB92E6A00D95B2A /* NSUserDefaultsShootOutTests */ = {
			isa = PBXGroup;
			children = (
				0951263A1AB92E6A00D95B2A /* NSUserDefaultsShootOutTests.m */,
				095126381AB92E6A00D95B2A /* Supporting Files */,
			);
			path = NSUserDefaultsShootOutTests;
			sourceTree = "<group>";
		};
		095126381AB92E6A00D95B2A /* Supporting Files */ = {
			isa = PBXGroup;
			children = (
				095126391AB92E6A00D95B2A /* Info.plist */,
			);
			name = "Supporting Files";
			sourceTree = "<group>";
		};
		095126471AB92E8000D95B2A /* NSKeyedArchiverShootOut */ = {
			isa = PBXGroup;
			children = (
				0951264C1AB92E8000D95B2A /* AppDelegate.h */,
				0951264D1AB92E8000D95B2A /* AppDelegate.m */,
				0951264F1AB92E8000D95B2A /* ViewController.h */,
				095126501AB92E8000D95B2A /* ViewController.m */,
				095126521AB92E8000D95B2A /* Main.storyboard */,
				095126551AB92E8000D95B2A /* Images.xcassets */,
				095126571AB92E8000D95B2A /* LaunchScreen.xib */,
				095126481AB92E8000D95B2A /* Supporting Files */,
			);
			path = NSKeyedArchiverShootOut;
			sourceTree = "<group>";
		};
		095126481AB92E8000D95B2A /* Supporting Files */ = {
			isa = PBXGroup;
			children = (
				095126491AB92E8000D95B2A /* Info.plist */,
				0951264A1AB92E8000D95B2A /* main.m */,
			);
			name = "Supporting Files";
			sourceTree = "<group>";
		};
		095126611AB92E8000D95B2A /* NSKeyedArchiverShootOutTests */ = {
			isa = PBXGroup;
			children = (
				095126641AB92E8000D95B2A /* NSKeyedArchiverShootOutTests.m */,
				095126621AB92E8000D95B2A /* Supporting Files */,
			);
			path = NSKeyedArchiverShootOutTests;
			sourceTree = "<group>";
		};
		095126621AB92E8000D95B2A /* Supporting Files */ = {
			isa = PBXGroup;
			children = (
				095126631AB92E8000D95B2A /* Info.plist */,
			);
			name = "Supporting Files";
			sourceTree = "<group>";
		};
		09E755351AB9226200220D44 = {
			isa = PBXGroup;
			children = (
				09E755401AB9226200220D44 /* YAPShootOut */,
				09E7555A1AB9226200220D44 /* YAPShootOutTests */,
				095125751AB92B9F00D95B2A /* FMDBShootOut */,
				0951258F1AB92B9F00D95B2A /* FMDBShootOutTests */,
				0951259F1AB92E2300D95B2A /* RLiteShootOut */,
				095125B91AB92E2300D95B2A /* RLiteShootOutTests */,
				095125C91AB92E3400D95B2A /* RealmShootOut */,
				095125E31AB92E3400D95B2A /* RealmShootOutTests */,
				095125F31AB92E4900D95B2A /* CoreDataShootOut */,
				0951260D1AB92E4900D95B2A /* CoreDataShootOutTests */,
				0951261D1AB92E6A00D95B2A /* NSUserDefaultsShootOut */,
				095126371AB92E6A00D95B2A /* NSUserDefaultsShootOutTests */,
				095126471AB92E8000D95B2A /* NSKeyedArchiverShootOut */,
				095126611AB92E8000D95B2A /* NSKeyedArchiverShootOutTests */,
				09E7553F1AB9226200220D44 /* Products */,
				86A08A1D75C20C6A46091B50 /* Pods */,
				6CC5BF2E377021CE27283768 /* Frameworks */,
			);
			sourceTree = "<group>";
		};
		09E7553F1AB9226200220D44 /* Products */ = {
			isa = PBXGroup;
			children = (
				09E7553E1AB9226200220D44 /* YAPShootOut.app */,
				09E755571AB9226200220D44 /* YAPShootOutTests.xctest */,
				095125741AB92B9F00D95B2A /* FMDBShootOut.app */,
				0951258C1AB92B9F00D95B2A /* FMDBShootOutTests.xctest */,
				0951259E1AB92E2300D95B2A /* RLiteShootOut.app */,
				095125B61AB92E2300D95B2A /* RLiteShootOutTests.xctest */,
				095125C81AB92E3400D95B2A /* RealmShootOut.app */,
				095125E01AB92E3400D95B2A /* RealmShootOutTests.xctest */,
				095125F21AB92E4900D95B2A /* CoreDataShootOut.app */,
				0951260A1AB92E4900D95B2A /* CoreDataShootOutTests.xctest */,
				0951261C1AB92E6A00D95B2A /* NSUserDefaultsShootOut.app */,
				095126341AB92E6A00D95B2A /* NSUserDefaultsShootOutTests.xctest */,
				095126461AB92E8000D95B2A /* NSKeyedArchiverShootOut.app */,
				0951265E1AB92E8000D95B2A /* NSKeyedArchiverShootOutTests.xctest */,
			);
			name = Products;
			sourceTree = "<group>";
		};
		09E755401AB9226200220D44 /* YAPShootOut */ = {
			isa = PBXGroup;
			children = (
				09E755451AB9226200220D44 /* AppDelegate.h */,
				09E755461AB9226200220D44 /* AppDelegate.m */,
				09E755481AB9226200220D44 /* ViewController.h */,
				09E755491AB9226200220D44 /* ViewController.m */,
				09E7554B1AB9226200220D44 /* Main.storyboard */,
				09E7554E1AB9226200220D44 /* Images.xcassets */,
				09E755501AB9226200220D44 /* LaunchScreen.xib */,
				09E755411AB9226200220D44 /* Supporting Files */,
			);
			path = YAPShootOut;
			sourceTree = "<group>";
		};
		09E755411AB9226200220D44 /* Supporting Files */ = {
			isa = PBXGroup;
			children = (
				09E755421AB9226200220D44 /* Info.plist */,
				09E755431AB9226200220D44 /* main.m */,
			);
			name = "Supporting Files";
			sourceTree = "<group>";
		};
		09E7555A1AB9226200220D44 /* YAPShootOutTests */ = {
			isa = PBXGroup;
			children = (
				09E7555D1AB9226200220D44 /* YAPShootOutTests.m */,
				09E7555B1AB9226200220D44 /* Supporting Files */,
			);
			path = YAPShootOutTests;
			sourceTree = "<group>";
		};
		09E7555B1AB9226200220D44 /* Supporting Files */ = {
			isa = PBXGroup;
			children = (
				09E7555C1AB9226200220D44 /* Info.plist */,
			);
			name = "Supporting Files";
			sourceTree = "<group>";
		};
		6CC5BF2E377021CE27283768 /* Frameworks */ = {
			isa = PBXGroup;
			children = (
				95A4C468D5E48DE7E34ABDC3 /* libPods-YAPShootOut.a */,
				D59BEE5DB911339B69681F43 /* libPods-FMDBShootOut.a */,
				391573917EEFB918D4424F96 /* libPods-RLiteShootOut.a */,
				180E2629EE1AC0BAAEFD15E3 /* libPods-RealmShootOut.a */,
			);
			name = Frameworks;
			sourceTree = "<group>";
		};
		86A08A1D75C20C6A46091B50 /* Pods */ = {
			isa = PBXGroup;
			children = (
				8A30060F9C53920C8CC3CBE7 /* Pods-YAPShootOut.debug.xcconfig */,
				DABD193C3AF80A795C0CC73E /* Pods-YAPShootOut.release.xcconfig */,
				B6845A351F9524B99E069831 /* Pods-FMDBShootOut.debug.xcconfig */,
				AC4116E40B1193CACA7D2177 /* Pods-FMDBShootOut.release.xcconfig */,
				76CECFFDAAA522563A555979 /* Pods-RLiteShootOut.debug.xcconfig */,
				60772E72E332D049A57838B4 /* Pods-RLiteShootOut.release.xcconfig */,
				4F30AC7B309B421E0D41325C /* Pods-RealmShootOut.debug.xcconfig */,
				07DA65D9E05AC099DC486D3E /* Pods-RealmShootOut.release.xcconfig */,
			);
			name = Pods;
			sourceTree = "<group>";
		};
/* End PBXGroup section */

/* Begin PBXNativeTarget section */
		095125731AB92B9F00D95B2A /* FMDBShootOut */ = {
			isa = PBXNativeTarget;
			buildConfigurationList = 095125981AB92B9F00D95B2A /* Build configuration list for PBXNativeTarget "FMDBShootOut" */;
			buildPhases = (
				BB945CECB4F78180584AF967 /* Check Pods Manifest.lock */,
				095125701AB92B9F00D95B2A /* Sources */,
				095125711AB92B9F00D95B2A /* Frameworks */,
				095125721AB92B9F00D95B2A /* Resources */,
				2BF3B2605DB1C8E4E220DEEA /* Copy Pods Resources */,
			);
			buildRules = (
			);
			dependencies = (
			);
			name = FMDBShootOut;
			productName = FMDBShootOut;
			productReference = 095125741AB92B9F00D95B2A /* FMDBShootOut.app */;
			productType = "com.apple.product-type.application";
		};
		0951258B1AB92B9F00D95B2A /* FMDBShootOutTests */ = {
			isa = PBXNativeTarget;
			buildConfigurationList = 095125991AB92B9F00D95B2A /* Build configuration list for PBXNativeTarget "FMDBShootOutTests" */;
			buildPhases = (
				095125881AB92B9F00D95B2A /* Sources */,
				095125891AB92B9F00D95B2A /* Frameworks */,
				0951258A1AB92B9F00D95B2A /* Resources */,
			);
			buildRules = (
			);
			dependencies = (
				0951258E1AB92B9F00D95B2A /* PBXTargetDependency */,
			);
			name = FMDBShootOutTests;
			productName = FMDBShootOutTests;
			productReference = 0951258C1AB92B9F00D95B2A /* FMDBShootOutTests.xctest */;
			productType = "com.apple.product-type.bundle.unit-test";
		};
		0951259D1AB92E2300D95B2A /* RLiteShootOut */ = {
			isa = PBXNativeTarget;
			buildConfigurationList = 095125BE1AB92E2300D95B2A /* Build configuration list for PBXNativeTarget "RLiteShootOut" */;
			buildPhases = (
				888DE3C0080295C39A0D6BB4 /* Check Pods Manifest.lock */,
				0951259A1AB92E2300D95B2A /* Sources */,
				0951259B1AB92E2300D95B2A /* Frameworks */,
				0951259C1AB92E2300D95B2A /* Resources */,
				1B3832C4206945F2BE81BB05 /* Copy Pods Resources */,
			);
			buildRules = (
			);
			dependencies = (
			);
			name = RLiteShootOut;
			productName = RLiteShootOut;
			productReference = 0951259E1AB92E2300D95B2A /* RLiteShootOut.app */;
			productType = "com.apple.product-type.application";
		};
		095125B51AB92E2300D95B2A /* RLiteShootOutTests */ = {
			isa = PBXNativeTarget;
			buildConfigurationList = 095125C11AB92E2300D95B2A /* Build configuration list for PBXNativeTarget "RLiteShootOutTests" */;
			buildPhases = (
				095125B21AB92E2300D95B2A /* Sources */,
				095125B31AB92E2300D95B2A /* Frameworks */,
				095125B41AB92E2300D95B2A /* Resources */,
			);
			buildRules = (
			);
			dependencies = (
				095125B81AB92E2300D95B2A /* PBXTargetDependency */,
			);
			name = RLiteShootOutTests;
			productName = RLiteShootOutTests;
			productReference = 095125B61AB92E2300D95B2A /* RLiteShootOutTests.xctest */;
			productType = "com.apple.product-type.bundle.unit-test";
		};
		095125C71AB92E3400D95B2A /* RealmShootOut */ = {
			isa = PBXNativeTarget;
			buildConfigurationList = 095125E81AB92E3400D95B2A /* Build configuration list for PBXNativeTarget "RealmShootOut" */;
			buildPhases = (
				3524323DC91F60FF92F62AC0 /* Check Pods Manifest.lock */,
				095125C41AB92E3400D95B2A /* Sources */,
				095125C51AB92E3400D95B2A /* Frameworks */,
				095125C61AB92E3400D95B2A /* Resources */,
				FC89D2271614B588BC4A6977 /* Copy Pods Resources */,
			);
			buildRules = (
			);
			dependencies = (
			);
			name = RealmShootOut;
			productName = RealmShootOut;
			productReference = 095125C81AB92E3400D95B2A /* RealmShootOut.app */;
			productType = "com.apple.product-type.application";
		};
		095125DF1AB92E3400D95B2A /* RealmShootOutTests */ = {
			isa = PBXNativeTarget;
			buildConfigurationList = 095125EB1AB92E3400D95B2A /* Build configuration list for PBXNativeTarget "RealmShootOutTests" */;
			buildPhases = (
				095125DC1AB92E3400D95B2A /* Sources */,
				095125DD1AB92E3400D95B2A /* Frameworks */,
				095125DE1AB92E3400D95B2A /* Resources */,
			);
			buildRules = (
			);
			dependencies = (
				095125E21AB92E3400D95B2A /* PBXTargetDependency */,
			);
			name = RealmShootOutTests;
			productName = RealmShootOutTests;
			productReference = 095125E01AB92E3400D95B2A /* RealmShootOutTests.xctest */;
			productType = "com.apple.product-type.bundle.unit-test";
		};
		095125F11AB92E4900D95B2A /* CoreDataShootOut */ = {
			isa = PBXNativeTarget;
			buildConfigurationList = 095126121AB92E4900D95B2A /* Build configuration list for PBXNativeTarget "CoreDataShootOut" */;
			buildPhases = (
				095125EE1AB92E4900D95B2A /* Sources */,
				095125EF1AB92E4900D95B2A /* Frameworks */,
				095125F01AB92E4900D95B2A /* Resources */,
			);
			buildRules = (
			);
			dependencies = (
			);
			name = CoreDataShootOut;
			productName = CoreDataShootOut;
			productReference = 095125F21AB92E4900D95B2A /* CoreDataShootOut.app */;
			productType = "com.apple.product-type.application";
		};
		095126091AB92E4900D95B2A /* CoreDataShootOutTests */ = {
			isa = PBXNativeTarget;
			buildConfigurationList = 095126151AB92E4900D95B2A /* Build configuration list for PBXNativeTarget "CoreDataShootOutTests" */;
			buildPhases = (
				095126061AB92E4900D95B2A /* Sources */,
				095126071AB92E4900D95B2A /* Frameworks */,
				095126081AB92E4900D95B2A /* Resources */,
			);
			buildRules = (
			);
			dependencies = (
				0951260C1AB92E4900D95B2A /* PBXTargetDependency */,
			);
			name = CoreDataShootOutTests;
			productName = CoreDataShootOutTests;
			productReference = 0951260A1AB92E4900D95B2A /* CoreDataShootOutTests.xctest */;
			productType = "com.apple.product-type.bundle.unit-test";
		};
		0951261B1AB92E6A00D95B2A /* NSUserDefaultsShootOut */ = {
			isa = PBXNativeTarget;
			buildConfigurationList = 0951263C1AB92E6A00D95B2A /* Build configuration list for PBXNativeTarget "NSUserDefaultsShootOut" */;
			buildPhases = (
				095126181AB92E6A00D95B2A /* Sources */,
				095126191AB92E6A00D95B2A /* Frameworks */,
				0951261A1AB92E6A00D95B2A /* Resources */,
			);
			buildRules = (
			);
			dependencies = (
			);
			name = NSUserDefaultsShootOut;
			productName = NSUserDefaultsShootOut;
			productReference = 0951261C1AB92E6A00D95B2A /* NSUserDefaultsShootOut.app */;
			productType = "com.apple.product-type.application";
		};
		095126331AB92E6A00D95B2A /* NSUserDefaultsShootOutTests */ = {
			isa = PBXNativeTarget;
			buildConfigurationList = 0951263F1AB92E6A00D95B2A /* Build configuration list for PBXNativeTarget "NSUserDefaultsShootOutTests" */;
			buildPhases = (
				095126301AB92E6A00D95B2A /* Sources */,
				095126311AB92E6A00D95B2A /* Frameworks */,
				095126321AB92E6A00D95B2A /* Resources */,
			);
			buildRules = (
			);
			dependencies = (
				095126361AB92E6A00D95B2A /* PBXTargetDependency */,
			);
			name = NSUserDefaultsShootOutTests;
			productName = NSUserDefaultsShootOutTests;
			productReference = 095126341AB92E6A00D95B2A /* NSUserDefaultsShootOutTests.xctest */;
			productType = "com.apple.product-type.bundle.unit-test";
		};
		095126451AB92E8000D95B2A /* NSKeyedArchiverShootOut */ = {
			isa = PBXNativeTarget;
			buildConfigurationList = 095126661AB92E8000D95B2A /* Build configuration list for PBXNativeTarget "NSKeyedArchiverShootOut" */;
			buildPhases = (
				095126421AB92E8000D95B2A /* Sources */,
				095126431AB92E8000D95B2A /* Frameworks */,
				095126441AB92E8000D95B2A /* Resources */,
			);
			buildRules = (
			);
			dependencies = (
			);
			name = NSKeyedArchiverShootOut;
			productName = NSKeyedArchiverShootOut;
			productReference = 095126461AB92E8000D95B2A /* NSKeyedArchiverShootOut.app */;
			productType = "com.apple.product-type.application";
		};
		0951265D1AB92E8000D95B2A /* NSKeyedArchiverShootOutTests */ = {
			isa = PBXNativeTarget;
			buildConfigurationList = 095126691AB92E8000D95B2A /* Build configuration list for PBXNativeTarget "NSKeyedArchiverShootOutTests" */;
			buildPhases = (
				0951265A1AB92E8000D95B2A /* Sources */,
				0951265B1AB92E8000D95B2A /* Frameworks */,
				0951265C1AB92E8000D95B2A /* Resources */,
			);
			buildRules = (
			);
			dependencies = (
				095126601AB92E8000D95B2A /* PBXTargetDependency */,
			);
			name = NSKeyedArchiverShootOutTests;
			productName = NSKeyedArchiverShootOutTests;
			productReference = 0951265E1AB92E8000D95B2A /* NSKeyedArchiverShootOutTests.xctest */;
			productType = "com.apple.product-type.bundle.unit-test";
		};
		09E7553D1AB9226200220D44 /* YAPShootOut */ = {
			isa = PBXNativeTarget;
			buildConfigurationList = 09E755611AB9226200220D44 /* Build configuration list for PBXNativeTarget "YAPShootOut" */;
			buildPhases = (
				1861F3F2327AE93ABCBA48B8 /* Check Pods Manifest.lock */,
				09E7553A1AB9226200220D44 /* Sources */,
				09E7553B1AB9226200220D44 /* Frameworks */,
				09E7553C1AB9226200220D44 /* Resources */,
				BA002CDEEFC433656354F2AC /* Copy Pods Resources */,
			);
			buildRules = (
			);
			dependencies = (
			);
			name = YAPShootOut;
			productName = YAPShootOut;
			productReference = 09E7553E1AB9226200220D44 /* YAPShootOut.app */;
			productType = "com.apple.product-type.application";
		};
		09E755561AB9226200220D44 /* YAPShootOutTests */ = {
			isa = PBXNativeTarget;
			buildConfigurationList = 09E755641AB9226200220D44 /* Build configuration list for PBXNativeTarget "YAPShootOutTests" */;
			buildPhases = (
				09E755531AB9226200220D44 /* Sources */,
				09E755541AB9226200220D44 /* Frameworks */,
				09E755551AB9226200220D44 /* Resources */,
			);
			buildRules = (
			);
			dependencies = (
				09E755591AB9226200220D44 /* PBXTargetDependency */,
			);
			name = YAPShootOutTests;
			productName = YAPShootOutTests;
			productReference = 09E755571AB9226200220D44 /* YAPShootOutTests.xctest */;
			productType = "com.apple.product-type.bundle.unit-test";
		};
/* End PBXNativeTarget section */

/* Begin PBXProject section */
		09E755361AB9226200220D44 /* Project object */ = {
			isa = PBXProject;
			attributes = {
				LastUpgradeCheck = 0630;
				ORGANIZATIONNAME = "Synapptic Labs";
				TargetAttributes = {
					095125731AB92B9F00D95B2A = {
						CreatedOnToolsVersion = 6.3;
					};
					0951258B1AB92B9F00D95B2A = {
						CreatedOnToolsVersion = 6.3;
						TestTargetID = 095125731AB92B9F00D95B2A;
					};
					0951259D1AB92E2300D95B2A = {
						CreatedOnToolsVersion = 6.3;
					};
					095125B51AB92E2300D95B2A = {
						CreatedOnToolsVersion = 6.3;
						TestTargetID = 0951259D1AB92E2300D95B2A;
					};
					095125C71AB92E3400D95B2A = {
						CreatedOnToolsVersion = 6.3;
					};
					095125DF1AB92E3400D95B2A = {
						CreatedOnToolsVersion = 6.3;
						TestTargetID = 095125C71AB92E3400D95B2A;
					};
					095125F11AB92E4900D95B2A = {
						CreatedOnToolsVersion = 6.3;
					};
					095126091AB92E4900D95B2A = {
						CreatedOnToolsVersion = 6.3;
						TestTargetID = 095125F11AB92E4900D95B2A;
					};
					0951261B1AB92E6A00D95B2A = {
						CreatedOnToolsVersion = 6.3;
					};
					095126331AB92E6A00D95B2A = {
						CreatedOnToolsVersion = 6.3;
						TestTargetID = 0951261B1AB92E6A00D95B2A;
					};
					095126451AB92E8000D95B2A = {
						CreatedOnToolsVersion = 6.3;
					};
					0951265D1AB92E8000D95B2A = {
						CreatedOnToolsVersion = 6.3;
						TestTargetID = 095126451AB92E8000D95B2A;
					};
					09E7553D1AB9226200220D44 = {
						CreatedOnToolsVersion = 6.3;
					};
					09E755561AB9226200220D44 = {
						CreatedOnToolsVersion = 6.3;
						TestTargetID = 09E7553D1AB9226200220D44;
					};
				};
			};
			buildConfigurationList = 09E755391AB9226200220D44 /* Build configuration list for PBXProject "ShootOut" */;
			compatibilityVersion = "Xcode 3.2";
			developmentRegion = English;
			hasScannedForEncodings = 0;
			knownRegions = (
				en,
				Base,
			);
			mainGroup = 09E755351AB9226200220D44;
			productRefGroup = 09E7553F1AB9226200220D44 /* Products */;
			projectDirPath = "";
			projectRoot = "";
			targets = (
				09E7553D1AB9226200220D44 /* YAPShootOut */,
				09E755561AB9226200220D44 /* YAPShootOutTests */,
				095125731AB92B9F00D95B2A /* FMDBShootOut */,
				0951258B1AB92B9F00D95B2A /* FMDBShootOutTests */,
				0951259D1AB92E2300D95B2A /* RLiteShootOut */,
				095125B51AB92E2300D95B2A /* RLiteShootOutTests */,
				095125C71AB92E3400D95B2A /* RealmShootOut */,
				095125DF1AB92E3400D95B2A /* RealmShootOutTests */,
				095125F11AB92E4900D95B2A /* CoreDataShootOut */,
				095126091AB92E4900D95B2A /* CoreDataShootOutTests */,
				0951261B1AB92E6A00D95B2A /* NSUserDefaultsShootOut */,
				095126331AB92E6A00D95B2A /* NSUserDefaultsShootOutTests */,
				095126451AB92E8000D95B2A /* NSKeyedArchiverShootOut */,
				0951265D1AB92E8000D95B2A /* NSKeyedArchiverShootOutTests */,
			);
		};
/* End PBXProject section */

/* Begin PBXResourcesBuildPhase section */
		095125721AB92B9F00D95B2A /* Resources */ = {
			isa = PBXResourcesBuildPhase;
			buildActionMask = 2147483647;
			files = (
				095125821AB92B9F00D95B2A /* Main.storyboard in Resources */,
				095125871AB92B9F00D95B2A /* LaunchScreen.xib in Resources */,
				095125841AB92B9F00D95B2A /* Images.xcassets in Resources */,
			);
			runOnlyForDeploymentPostprocessing = 0;
		};
		0951258A1AB92B9F00D95B2A /* Resources */ = {
			isa = PBXResourcesBuildPhase;
			buildActionMask = 2147483647;
			files = (
			);
			runOnlyForDeploymentPostprocessing = 0;
		};
		0951259C1AB92E2300D95B2A /* Resources */ = {
			isa = PBXResourcesBuildPhase;
			buildActionMask = 2147483647;
			files = (
				095125AC1AB92E2300D95B2A /* Main.storyboard in Resources */,
				095125B11AB92E2300D95B2A /* LaunchScreen.xib in Resources */,
				095125AE1AB92E2300D95B2A /* Images.xcassets in Resources */,
			);
			runOnlyForDeploymentPostprocessing = 0;
		};
		095125B41AB92E2300D95B2A /* Resources */ = {
			isa = PBXResourcesBuildPhase;
			buildActionMask = 2147483647;
			files = (
			);
			runOnlyForDeploymentPostprocessing = 0;
		};
		095125C61AB92E3400D95B2A /* Resources */ = {
			isa = PBXResourcesBuildPhase;
			buildActionMask = 2147483647;
			files = (
				095125D61AB92E3400D95B2A /* Main.storyboard in Resources */,
				095125DB1AB92E3400D95B2A /* LaunchScreen.xib in Resources */,
				095125D81AB92E3400D95B2A /* Images.xcassets in Resources */,
			);
			runOnlyForDeploymentPostprocessing = 0;
		};
		095125DE1AB92E3400D95B2A /* Resources */ = {
			isa = PBXResourcesBuildPhase;
			buildActionMask = 2147483647;
			files = (
			);
			runOnlyForDeploymentPostprocessing = 0;
		};
		095125F01AB92E4900D95B2A /* Resources */ = {
			isa = PBXResourcesBuildPhase;
			buildActionMask = 2147483647;
			files = (
				095126001AB92E4900D95B2A /* Main.storyboard in Resources */,
				095126051AB92E4900D95B2A /* LaunchScreen.xib in Resources */,
				095126021AB92E4900D95B2A /* Images.xcassets in Resources */,
			);
			runOnlyForDeploymentPostprocessing = 0;
		};
		095126081AB92E4900D95B2A /* Resources */ = {
			isa = PBXResourcesBuildPhase;
			buildActionMask = 2147483647;
			files = (
			);
			runOnlyForDeploymentPostprocessing = 0;
		};
		0951261A1AB92E6A00D95B2A /* Resources */ = {
			isa = PBXResourcesBuildPhase;
			buildActionMask = 2147483647;
			files = (
				0951262A1AB92E6A00D95B2A /* Main.storyboard in Resources */,
				0951262F1AB92E6A00D95B2A /* LaunchScreen.xib in Resources */,
				0951262C1AB92E6A00D95B2A /* Images.xcassets in Resources */,
			);
			runOnlyForDeploymentPostprocessing = 0;
		};
		095126321AB92E6A00D95B2A /* Resources */ = {
			isa = PBXResourcesBuildPhase;
			buildActionMask = 2147483647;
			files = (
			);
			runOnlyForDeploymentPostprocessing = 0;
		};
		095126441AB92E8000D95B2A /* Resources */ = {
			isa = PBXResourcesBuildPhase;
			buildActionMask = 2147483647;
			files = (
				095126541AB92E8000D95B2A /* Main.storyboard in Resources */,
				095126591AB92E8000D95B2A /* LaunchScreen.xib in Resources */,
				095126561AB92E8000D95B2A /* Images.xcassets in Resources */,
			);
			runOnlyForDeploymentPostprocessing = 0;
		};
		0951265C1AB92E8000D95B2A /* Resources */ = {
			isa = PBXResourcesBuildPhase;
			buildActionMask = 2147483647;
			files = (
			);
			runOnlyForDeploymentPostprocessing = 0;
		};
		09E7553C1AB9226200220D44 /* Resources */ = {
			isa = PBXResourcesBuildPhase;
			buildActionMask = 2147483647;
			files = (
				09E7554D1AB9226200220D44 /* Main.storyboard in Resources */,
				09E755521AB9226200220D44 /* LaunchScreen.xib in Resources */,
				09E7554F1AB9226200220D44 /* Images.xcassets in Resources */,
			);
			runOnlyForDeploymentPostprocessing = 0;
		};
		09E755551AB9226200220D44 /* Resources */ = {
			isa = PBXResourcesBuildPhase;
			buildActionMask = 2147483647;
			files = (
			);
			runOnlyForDeploymentPostprocessing = 0;
		};
/* End PBXResourcesBuildPhase section */

/* Begin PBXShellScriptBuildPhase section */
		1861F3F2327AE93ABCBA48B8 /* Check Pods Manifest.lock */ = {
			isa = PBXShellScriptBuildPhase;
			buildActionMask = 2147483647;
			files = (
			);
			inputPaths = (
			);
			name = "Check Pods Manifest.lock";
			outputPaths = (
			);
			runOnlyForDeploymentPostprocessing = 0;
			shellPath = /bin/sh;
			shellScript = "diff \"${PODS_ROOT}/../Podfile.lock\" \"${PODS_ROOT}/Manifest.lock\" > /dev/null\nif [[ $? != 0 ]] ; then\n    cat << EOM\nerror: The sandbox is not in sync with the Podfile.lock. Run 'pod install' or update your CocoaPods installation.\nEOM\n    exit 1\nfi\n";
			showEnvVarsInLog = 0;
		};
		1B3832C4206945F2BE81BB05 /* Copy Pods Resources */ = {
			isa = PBXShellScriptBuildPhase;
			buildActionMask = 2147483647;
			files = (
			);
			inputPaths = (
			);
			name = "Copy Pods Resources";
			outputPaths = (
			);
			runOnlyForDeploymentPostprocessing = 0;
			shellPath = /bin/sh;
			shellScript = "\"${SRCROOT}/Pods/Target Support Files/Pods-RLiteShootOut/Pods-RLiteShootOut-resources.sh\"\n";
			showEnvVarsInLog = 0;
		};
		2BF3B2605DB1C8E4E220DEEA /* Copy Pods Resources */ = {
			isa = PBXShellScriptBuildPhase;
			buildActionMask = 2147483647;
			files = (
			);
			inputPaths = (
			);
			name = "Copy Pods Resources";
			outputPaths = (
			);
			runOnlyForDeploymentPostprocessing = 0;
			shellPath = /bin/sh;
			shellScript = "\"${SRCROOT}/Pods/Target Support Files/Pods-FMDBShootOut/Pods-FMDBShootOut-resources.sh\"\n";
			showEnvVarsInLog = 0;
		};
		3524323DC91F60FF92F62AC0 /* Check Pods Manifest.lock */ = {
			isa = PBXShellScriptBuildPhase;
			buildActionMask = 2147483647;
			files = (
			);
			inputPaths = (
			);
			name = "Check Pods Manifest.lock";
			outputPaths = (
			);
			runOnlyForDeploymentPostprocessing = 0;
			shellPath = /bin/sh;
			shellScript = "diff \"${PODS_ROOT}/../Podfile.lock\" \"${PODS_ROOT}/Manifest.lock\" > /dev/null\nif [[ $? != 0 ]] ; then\n    cat << EOM\nerror: The sandbox is not in sync with the Podfile.lock. Run 'pod install' or update your CocoaPods installation.\nEOM\n    exit 1\nfi\n";
			showEnvVarsInLog = 0;
		};
		888DE3C0080295C39A0D6BB4 /* Check Pods Manifest.lock */ = {
			isa = PBXShellScriptBuildPhase;
			buildActionMask = 2147483647;
			files = (
			);
			inputPaths = (
			);
			name = "Check Pods Manifest.lock";
			outputPaths = (
			);
			runOnlyForDeploymentPostprocessing = 0;
			shellPath = /bin/sh;
			shellScript = "diff \"${PODS_ROOT}/../Podfile.lock\" \"${PODS_ROOT}/Manifest.lock\" > /dev/null\nif [[ $? != 0 ]] ; then\n    cat << EOM\nerror: The sandbox is not in sync with the Podfile.lock. Run 'pod install' or update your CocoaPods installation.\nEOM\n    exit 1\nfi\n";
			showEnvVarsInLog = 0;
		};
		BA002CDEEFC433656354F2AC /* Copy Pods Resources */ = {
			isa = PBXShellScriptBuildPhase;
			buildActionMask = 2147483647;
			files = (
			);
			inputPaths = (
			);
			name = "Copy Pods Resources";
			outputPaths = (
			);
			runOnlyForDeploymentPostprocessing = 0;
			shellPath = /bin/sh;
			shellScript = "\"${SRCROOT}/Pods/Target Support Files/Pods-YAPShootOut/Pods-YAPShootOut-resources.sh\"\n";
			showEnvVarsInLog = 0;
		};
		BB945CECB4F78180584AF967 /* Check Pods Manifest.lock */ = {
			isa = PBXShellScriptBuildPhase;
			buildActionMask = 2147483647;
			files = (
			);
			inputPaths = (
			);
			name = "Check Pods Manifest.lock";
			outputPaths = (
			);
			runOnlyForDeploymentPostprocessing = 0;
			shellPath = /bin/sh;
			shellScript = "diff \"${PODS_ROOT}/../Podfile.lock\" \"${PODS_ROOT}/Manifest.lock\" > /dev/null\nif [[ $? != 0 ]] ; then\n    cat << EOM\nerror: The sandbox is not in sync with the Podfile.lock. Run 'pod install' or update your CocoaPods installation.\nEOM\n    exit 1\nfi\n";
			showEnvVarsInLog = 0;
		};
		FC89D2271614B588BC4A6977 /* Copy Pods Resources */ = {
			isa = PBXShellScriptBuildPhase;
			buildActionMask = 2147483647;
			files = (
			);
			inputPaths = (
			);
			name = "Copy Pods Resources";
			outputPaths = (
			);
			runOnlyForDeploymentPostprocessing = 0;
			shellPath = /bin/sh;
			shellScript = "\"${SRCROOT}/Pods/Target Support Files/Pods-RealmShootOut/Pods-RealmShootOut-resources.sh\"\n";
			showEnvVarsInLog = 0;
		};
/* End PBXShellScriptBuildPhase section */

/* Begin PBXSourcesBuildPhase section */
		095125701AB92B9F00D95B2A /* Sources */ = {
			isa = PBXSourcesBuildPhase;
			buildActionMask = 2147483647;
			files = (
				0951257F1AB92B9F00D95B2A /* ViewController.m in Sources */,
				0951257C1AB92B9F00D95B2A /* AppDelegate.m in Sources */,
				095125791AB92B9F00D95B2A /* main.m in Sources */,
			);
			runOnlyForDeploymentPostprocessing = 0;
		};
		095125881AB92B9F00D95B2A /* Sources */ = {
			isa = PBXSourcesBuildPhase;
			buildActionMask = 2147483647;
			files = (
				095125931AB92B9F00D95B2A /* FMDBShootOutTests.m in Sources */,
			);
			runOnlyForDeploymentPostprocessing = 0;
		};
		0951259A1AB92E2300D95B2A /* Sources */ = {
			isa = PBXSourcesBuildPhase;
			buildActionMask = 2147483647;
			files = (
				095125A91AB92E2300D95B2A /* ViewController.m in Sources */,
				095125A61AB92E2300D95B2A /* AppDelegate.m in Sources */,
				095125A31AB92E2300D95B2A /* main.m in Sources */,
			);
			runOnlyForDeploymentPostprocessing = 0;
		};
		095125B21AB92E2300D95B2A /* Sources */ = {
			isa = PBXSourcesBuildPhase;
			buildActionMask = 2147483647;
			files = (
				095125BD1AB92E2300D95B2A /* RLiteShootOutTests.m in Sources */,
			);
			runOnlyForDeploymentPostprocessing = 0;
		};
		095125C41AB92E3400D95B2A /* Sources */ = {
			isa = PBXSourcesBuildPhase;
			buildActionMask = 2147483647;
			files = (
				095125D31AB92E3400D95B2A /* ViewController.m in Sources */,
				095125D01AB92E3400D95B2A /* AppDelegate.m in Sources */,
				095125CD1AB92E3400D95B2A /* main.m in Sources */,
			);
			runOnlyForDeploymentPostprocessing = 0;
		};
		095125DC1AB92E3400D95B2A /* Sources */ = {
			isa = PBXSourcesBuildPhase;
			buildActionMask = 2147483647;
			files = (
				095125E71AB92E3400D95B2A /* RealmShootOutTests.m in Sources */,
			);
			runOnlyForDeploymentPostprocessing = 0;
		};
		095125EE1AB92E4900D95B2A /* Sources */ = {
			isa = PBXSourcesBuildPhase;
			buildActionMask = 2147483647;
			files = (
				095125FD1AB92E4900D95B2A /* ViewController.m in Sources */,
				095125FA1AB92E4900D95B2A /* AppDelegate.m in Sources */,
				095125F71AB92E4900D95B2A /* main.m in Sources */,
			);
			runOnlyForDeploymentPostprocessing = 0;
		};
		095126061AB92E4900D95B2A /* Sources */ = {
			isa = PBXSourcesBuildPhase;
			buildActionMask = 2147483647;
			files = (
				095126111AB92E4900D95B2A /* CoreDataShootOutTests.m in Sources */,
			);
			runOnlyForDeploymentPostprocessing = 0;
		};
		095126181AB92E6A00D95B2A /* Sources */ = {
			isa = PBXSourcesBuildPhase;
			buildActionMask = 2147483647;
			files = (
				095126271AB92E6A00D95B2A /* ViewController.m in Sources */,
				095126241AB92E6A00D95B2A /* AppDelegate.m in Sources */,
				095126211AB92E6A00D95B2A /* main.m in Sources */,
			);
			runOnlyForDeploymentPostprocessing = 0;
		};
		095126301AB92E6A00D95B2A /* Sources */ = {
			isa = PBXSourcesBuildPhase;
			buildActionMask = 2147483647;
			files = (
				0951263B1AB92E6A00D95B2A /* NSUserDefaultsShootOutTests.m in Sources */,
			);
			runOnlyForDeploymentPostprocessing = 0;
		};
		095126421AB92E8000D95B2A /* Sources */ = {
			isa = PBXSourcesBuildPhase;
			buildActionMask = 2147483647;
			files = (
				095126511AB92E8000D95B2A /* ViewController.m in Sources */,
				0951264E1AB92E8000D95B2A /* AppDelegate.m in Sources */,
				0951264B1AB92E8000D95B2A /* main.m in Sources */,
			);
			runOnlyForDeploymentPostprocessing = 0;
		};
		0951265A1AB92E8000D95B2A /* Sources */ = {
			isa = PBXSourcesBuildPhase;
			buildActionMask = 2147483647;
			files = (
				095126651AB92E8000D95B2A /* NSKeyedArchiverShootOutTests.m in Sources */,
			);
			runOnlyForDeploymentPostprocessing = 0;
		};
		09E7553A1AB9226200220D44 /* Sources */ = {
			isa = PBXSourcesBuildPhase;
			buildActionMask = 2147483647;
			files = (
				09E7554A1AB9226200220D44 /* ViewController.m in Sources */,
				09E755471AB9226200220D44 /* AppDelegate.m in Sources */,
				09E755441AB9226200220D44 /* main.m in Sources */,
			);
			runOnlyForDeploymentPostprocessing = 0;
		};
		09E755531AB9226200220D44 /* Sources */ = {
			isa = PBXSourcesBuildPhase;
			buildActionMask = 2147483647;
			files = (
				09E7555E1AB9226200220D44 /* YAPShootOutTests.m in Sources */,
			);
			runOnlyForDeploymentPostprocessing = 0;
		};
/* End PBXSourcesBuildPhase section */

/* Begin PBXTargetDependency section */
		0951258E1AB92B9F00D95B2A /* PBXTargetDependency */ = {
			isa = PBXTargetDependency;
			target = 095125731AB92B9F00D95B2A /* FMDBShootOut */;
			targetProxy = 0951258D1AB92B9F00D95B2A /* PBXContainerItemProxy */;
		};
		095125B81AB92E2300D95B2A /* PBXTargetDependency */ = {
			isa = PBXTargetDependency;
			target = 0951259D1AB92E2300D95B2A /* RLiteShootOut */;
			targetProxy = 095125B71AB92E2300D95B2A /* PBXContainerItemProxy */;
		};
		095125E21AB92E3400D95B2A /* PBXTargetDependency */ = {
			isa = PBXTargetDependency;
			target = 095125C71AB92E3400D95B2A /* RealmShootOut */;
			targetProxy = 095125E11AB92E3400D95B2A /* PBXContainerItemProxy */;
		};
		0951260C1AB92E4900D95B2A /* PBXTargetDependency */ = {
			isa = PBXTargetDependency;
			target = 095125F11AB92E4900D95B2A /* CoreDataShootOut */;
			targetProxy = 0951260B1AB92E4900D95B2A /* PBXContainerItemProxy */;
		};
		095126361AB92E6A00D95B2A /* PBXTargetDependency */ = {
			isa = PBXTargetDependency;
			target = 0951261B1AB92E6A00D95B2A /* NSUserDefaultsShootOut */;
			targetProxy = 095126351AB92E6A00D95B2A /* PBXContainerItemProxy */;
		};
		095126601AB92E8000D95B2A /* PBXTargetDependency */ = {
			isa = PBXTargetDependency;
			target = 095126451AB92E8000D95B2A /* NSKeyedArchiverShootOut */;
			targetProxy = 0951265F1AB92E8000D95B2A /* PBXContainerItemProxy */;
		};
		09E755591AB9226200220D44 /* PBXTargetDependency */ = {
			isa = PBXTargetDependency;
			target = 09E7553D1AB9226200220D44 /* YAPShootOut */;
			targetProxy = 09E755581AB9226200220D44 /* PBXContainerItemProxy */;
		};
/* End PBXTargetDependency section */

/* Begin PBXVariantGroup section */
		095125801AB92B9F00D95B2A /* Main.storyboard */ = {
			isa = PBXVariantGroup;
			children = (
				095125811AB92B9F00D95B2A /* Base */,
			);
			name = Main.storyboard;
			sourceTree = "<group>";
		};
		095125851AB92B9F00D95B2A /* LaunchScreen.xib */ = {
			isa = PBXVariantGroup;
			children = (
				095125861AB92B9F00D95B2A /* Base */,
			);
			name = LaunchScreen.xib;
			sourceTree = "<group>";
		};
		095125AA1AB92E2300D95B2A /* Main.storyboard */ = {
			isa = PBXVariantGroup;
			children = (
				095125AB1AB92E2300D95B2A /* Base */,
			);
			name = Main.storyboard;
			sourceTree = "<group>";
		};
		095125AF1AB92E2300D95B2A /* LaunchScreen.xib */ = {
			isa = PBXVariantGroup;
			children = (
				095125B01AB92E2300D95B2A /* Base */,
			);
			name = LaunchScreen.xib;
			sourceTree = "<group>";
		};
		095125D41AB92E3400D95B2A /* Main.storyboard */ = {
			isa = PBXVariantGroup;
			children = (
				095125D51AB92E3400D95B2A /* Base */,
			);
			name = Main.storyboard;
			sourceTree = "<group>";
		};
		095125D91AB92E3400D95B2A /* LaunchScreen.xib */ = {
			isa = PBXVariantGroup;
			children = (
				095125DA1AB92E3400D95B2A /* Base */,
			);
			name = LaunchScreen.xib;
			sourceTree = "<group>";
		};
		095125FE1AB92E4900D95B2A /* Main.storyboard */ = {
			isa = PBXVariantGroup;
			children = (
				095125FF1AB92E4900D95B2A /* Base */,
			);
			name = Main.storyboard;
			sourceTree = "<group>";
		};
		095126031AB92E4900D95B2A /* LaunchScreen.xib */ = {
			isa = PBXVariantGroup;
			children = (
				095126041AB92E4900D95B2A /* Base */,
			);
			name = LaunchScreen.xib;
			sourceTree = "<group>";
		};
		095126281AB92E6A00D95B2A /* Main.storyboard */ = {
			isa = PBXVariantGroup;
			children = (
				095126291AB92E6A00D95B2A /* Base */,
			);
			name = Main.storyboard;
			sourceTree = "<group>";
		};
		0951262D1AB92E6A00D95B2A /* LaunchScreen.xib */ = {
			isa = PBXVariantGroup;
			children = (
				0951262E1AB92E6A00D95B2A /* Base */,
			);
			name = LaunchScreen.xib;
			sourceTree = "<group>";
		};
		095126521AB92E8000D95B2A /* Main.storyboard */ = {
			isa = PBXVariantGroup;
			children = (
				095126531AB92E8000D95B2A /* Base */,
			);
			name = Main.storyboard;
			sourceTree = "<group>";
		};
		095126571AB92E8000D95B2A /* LaunchScreen.xib */ = {
			isa = PBXVariantGroup;
			children = (
				095126581AB92E8000D95B2A /* Base */,
			);
			name = LaunchScreen.xib;
			sourceTree = "<group>";
		};
		09E7554B1AB9226200220D44 /* Main.storyboard */ = {
			isa = PBXVariantGroup;
			children = (
				09E7554C1AB9226200220D44 /* Base */,
			);
			name = Main.storyboard;
			sourceTree = "<group>";
		};
		09E755501AB9226200220D44 /* LaunchScreen.xib */ = {
			isa = PBXVariantGroup;
			children = (
				09E755511AB9226200220D44 /* Base */,
			);
			name = LaunchScreen.xib;
			sourceTree = "<group>";
		};
/* End PBXVariantGroup section */

/* Begin XCBuildConfiguration section */
		095125941AB92B9F00D95B2A /* Debug */ = {
			isa = XCBuildConfiguration;
			baseConfigurationReference = B6845A351F9524B99E069831 /* Pods-FMDBShootOut.debug.xcconfig */;
			buildSettings = {
				ASSETCATALOG_COMPILER_APPICON_NAME = AppIcon;
				GCC_PREPROCESSOR_DEFINITIONS = (
					"DEBUG=1",
					"$(inherited)",
				);
				INFOPLIST_FILE = FMDBShootOut/Info.plist;
				LD_RUNPATH_SEARCH_PATHS = "$(inherited) @executable_path/Frameworks";
				PRODUCT_NAME = "$(TARGET_NAME)";
			};
			name = Debug;
		};
		095125951AB92B9F00D95B2A /* Release */ = {
			isa = XCBuildConfiguration;
			baseConfigurationReference = AC4116E40B1193CACA7D2177 /* Pods-FMDBShootOut.release.xcconfig */;
			buildSettings = {
				ASSETCATALOG_COMPILER_APPICON_NAME = AppIcon;
				INFOPLIST_FILE = FMDBShootOut/Info.plist;
				LD_RUNPATH_SEARCH_PATHS = "$(inherited) @executable_path/Frameworks";
				PRODUCT_NAME = "$(TARGET_NAME)";
			};
			name = Release;
		};
		095125961AB92B9F00D95B2A /* Debug */ = {
			isa = XCBuildConfiguration;
			buildSettings = {
				BUNDLE_LOADER = "$(TEST_HOST)";
				FRAMEWORK_SEARCH_PATHS = (
					"$(SDKROOT)/Developer/Library/Frameworks",
					"$(inherited)",
				);
				GCC_PREPROCESSOR_DEFINITIONS = (
					"DEBUG=1",
					"$(inherited)",
				);
				INFOPLIST_FILE = FMDBShootOutTests/Info.plist;
				LD_RUNPATH_SEARCH_PATHS = "$(inherited) @executable_path/Frameworks @loader_path/Frameworks";
				PRODUCT_NAME = "$(TARGET_NAME)";
				TEST_HOST = "$(BUILT_PRODUCTS_DIR)/FMDBShootOut.app/FMDBShootOut";
			};
			name = Debug;
		};
		095125971AB92B9F00D95B2A /* Release */ = {
			isa = XCBuildConfiguration;
			buildSettings = {
				BUNDLE_LOADER = "$(TEST_HOST)";
				FRAMEWORK_SEARCH_PATHS = (
					"$(SDKROOT)/Developer/Library/Frameworks",
					"$(inherited)",
				);
				INFOPLIST_FILE = FMDBShootOutTests/Info.plist;
				LD_RUNPATH_SEARCH_PATHS = "$(inherited) @executable_path/Frameworks @loader_path/Frameworks";
				PRODUCT_NAME = "$(TARGET_NAME)";
				TEST_HOST = "$(BUILT_PRODUCTS_DIR)/FMDBShootOut.app/FMDBShootOut";
			};
			name = Release;
		};
		095125BF1AB92E2300D95B2A /* Debug */ = {
			isa = XCBuildConfiguration;
			baseConfigurationReference = 76CECFFDAAA522563A555979 /* Pods-RLiteShootOut.debug.xcconfig */;
			buildSettings = {
				ASSETCATALOG_COMPILER_APPICON_NAME = AppIcon;
				GCC_PREPROCESSOR_DEFINITIONS = (
					"DEBUG=1",
					"$(inherited)",
				);
				INFOPLIST_FILE = RLiteShootOut/Info.plist;
				LD_RUNPATH_SEARCH_PATHS = "$(inherited) @executable_path/Frameworks";
				PRODUCT_NAME = "$(TARGET_NAME)";
			};
			name = Debug;
		};
		095125C01AB92E2300D95B2A /* Release */ = {
			isa = XCBuildConfiguration;
			baseConfigurationReference = 60772E72E332D049A57838B4 /* Pods-RLiteShootOut.release.xcconfig */;
			buildSettings = {
				ASSETCATALOG_COMPILER_APPICON_NAME = AppIcon;
				INFOPLIST_FILE = RLiteShootOut/Info.plist;
				LD_RUNPATH_SEARCH_PATHS = "$(inherited) @executable_path/Frameworks";
				PRODUCT_NAME = "$(TARGET_NAME)";
			};
			name = Release;
		};
		095125C21AB92E2300D95B2A /* Debug */ = {
			isa = XCBuildConfiguration;
			buildSettings = {
				BUNDLE_LOADER = "$(TEST_HOST)";
				FRAMEWORK_SEARCH_PATHS = (
					"$(SDKROOT)/Developer/Library/Frameworks",
					"$(inherited)",
				);
				GCC_PREPROCESSOR_DEFINITIONS = (
					"DEBUG=1",
					"$(inherited)",
				);
				INFOPLIST_FILE = RLiteShootOutTests/Info.plist;
				LD_RUNPATH_SEARCH_PATHS = "$(inherited) @executable_path/Frameworks @loader_path/Frameworks";
				PRODUCT_NAME = "$(TARGET_NAME)";
				TEST_HOST = "$(BUILT_PRODUCTS_DIR)/RLiteShootOut.app/RLiteShootOut";
			};
			name = Debug;
		};
		095125C31AB92E2300D95B2A /* Release */ = {
			isa = XCBuildConfiguration;
			buildSettings = {
				BUNDLE_LOADER = "$(TEST_HOST)";
				FRAMEWORK_SEARCH_PATHS = (
					"$(SDKROOT)/Developer/Library/Frameworks",
					"$(inherited)",
				);
				INFOPLIST_FILE = RLiteShootOutTests/Info.plist;
				LD_RUNPATH_SEARCH_PATHS = "$(inherited) @executable_path/Frameworks @loader_path/Frameworks";
				PRODUCT_NAME = "$(TARGET_NAME)";
				TEST_HOST = "$(BUILT_PRODUCTS_DIR)/RLiteShootOut.app/RLiteShootOut";
			};
			name = Release;
		};
		095125E91AB92E3400D95B2A /* Debug */ = {
			isa = XCBuildConfiguration;
			baseConfigurationReference = 4F30AC7B309B421E0D41325C /* Pods-RealmShootOut.debug.xcconfig */;
			buildSettings = {
				ASSETCATALOG_COMPILER_APPICON_NAME = AppIcon;
				GCC_PREPROCESSOR_DEFINITIONS = (
					"DEBUG=1",
					"$(inherited)",
				);
				INFOPLIST_FILE = RealmShootOut/Info.plist;
				LD_RUNPATH_SEARCH_PATHS = "$(inherited) @executable_path/Frameworks";
				PRODUCT_NAME = "$(TARGET_NAME)";
			};
			name = Debug;
		};
		095125EA1AB92E3400D95B2A /* Release */ = {
			isa = XCBuildConfiguration;
			baseConfigurationReference = 07DA65D9E05AC099DC486D3E /* Pods-RealmShootOut.release.xcconfig */;
			buildSettings = {
				ASSETCATALOG_COMPILER_APPICON_NAME = AppIcon;
				INFOPLIST_FILE = RealmShootOut/Info.plist;
				LD_RUNPATH_SEARCH_PATHS = "$(inherited) @executable_path/Frameworks";
				PRODUCT_NAME = "$(TARGET_NAME)";
			};
			name = Release;
		};
		095125EC1AB92E3400D95B2A /* Debug */ = {
			isa = XCBuildConfiguration;
			buildSettings = {
				BUNDLE_LOADER = "$(TEST_HOST)";
				FRAMEWORK_SEARCH_PATHS = (
					"$(SDKROOT)/Developer/Library/Frameworks",
					"$(inherited)",
				);
				GCC_PREPROCESSOR_DEFINITIONS = (
					"DEBUG=1",
					"$(inherited)",
				);
				INFOPLIST_FILE = RealmShootOutTests/Info.plist;
				LD_RUNPATH_SEARCH_PATHS = "$(inherited) @executable_path/Frameworks @loader_path/Frameworks";
				PRODUCT_NAME = "$(TARGET_NAME)";
				TEST_HOST = "$(BUILT_PRODUCTS_DIR)/RealmShootOut.app/RealmShootOut";
			};
			name = Debug;
		};
		095125ED1AB92E3400D95B2A /* Release */ = {
			isa = XCBuildConfiguration;
			buildSettings = {
				BUNDLE_LOADER = "$(TEST_HOST)";
				FRAMEWORK_SEARCH_PATHS = (
					"$(SDKROOT)/Developer/Library/Frameworks",
					"$(inherited)",
				);
				INFOPLIST_FILE = RealmShootOutTests/Info.plist;
				LD_RUNPATH_SEARCH_PATHS = "$(inherited) @executable_path/Frameworks @loader_path/Frameworks";
				PRODUCT_NAME = "$(TARGET_NAME)";
				TEST_HOST = "$(BUILT_PRODUCTS_DIR)/RealmShootOut.app/RealmShootOut";
			};
			name = Release;
		};
		095126131AB92E4900D95B2A /* Debug */ = {
			isa = XCBuildConfiguration;
			buildSettings = {
				ASSETCATALOG_COMPILER_APPICON_NAME = AppIcon;
				GCC_PREPROCESSOR_DEFINITIONS = (
					"DEBUG=1",
					"$(inherited)",
				);
				INFOPLIST_FILE = CoreDataShootOut/Info.plist;
				LD_RUNPATH_SEARCH_PATHS = "$(inherited) @executable_path/Frameworks";
				PRODUCT_NAME = "$(TARGET_NAME)";
			};
			name = Debug;
		};
		095126141AB92E4900D95B2A /* Release */ = {
			isa = XCBuildConfiguration;
			buildSettings = {
				ASSETCATALOG_COMPILER_APPICON_NAME = AppIcon;
				INFOPLIST_FILE = CoreDataShootOut/Info.plist;
				LD_RUNPATH_SEARCH_PATHS = "$(inherited) @executable_path/Frameworks";
				PRODUCT_NAME = "$(TARGET_NAME)";
			};
			name = Release;
		};
		095126161AB92E4900D95B2A /* Debug */ = {
			isa = XCBuildConfiguration;
			buildSettings = {
				BUNDLE_LOADER = "$(TEST_HOST)";
				FRAMEWORK_SEARCH_PATHS = (
					"$(SDKROOT)/Developer/Library/Frameworks",
					"$(inherited)",
				);
				GCC_PREPROCESSOR_DEFINITIONS = (
					"DEBUG=1",
					"$(inherited)",
				);
				INFOPLIST_FILE = CoreDataShootOutTests/Info.plist;
				LD_RUNPATH_SEARCH_PATHS = "$(inherited) @executable_path/Frameworks @loader_path/Frameworks";
				PRODUCT_NAME = "$(TARGET_NAME)";
				TEST_HOST = "$(BUILT_PRODUCTS_DIR)/CoreDataShootOut.app/CoreDataShootOut";
			};
			name = Debug;
		};
		095126171AB92E4900D95B2A /* Release */ = {
			isa = XCBuildConfiguration;
			buildSettings = {
				BUNDLE_LOADER = "$(TEST_HOST)";
				FRAMEWORK_SEARCH_PATHS = (
					"$(SDKROOT)/Developer/Library/Frameworks",
					"$(inherited)",
				);
				INFOPLIST_FILE = CoreDataShootOutTests/Info.plist;
				LD_RUNPATH_SEARCH_PATHS = "$(inherited) @executable_path/Frameworks @loader_path/Frameworks";
				PRODUCT_NAME = "$(TARGET_NAME)";
				TEST_HOST = "$(BUILT_PRODUCTS_DIR)/CoreDataShootOut.app/CoreDataShootOut";
			};
			name = Release;
		};
		0951263D1AB92E6A00D95B2A /* Debug */ = {
			isa = XCBuildConfiguration;
			buildSettings = {
				ASSETCATALOG_COMPILER_APPICON_NAME = AppIcon;
				GCC_PREPROCESSOR_DEFINITIONS = (
					"DEBUG=1",
					"$(inherited)",
				);
				INFOPLIST_FILE = NSUserDefaultsShootOut/Info.plist;
				LD_RUNPATH_SEARCH_PATHS = "$(inherited) @executable_path/Frameworks";
				PRODUCT_NAME = "$(TARGET_NAME)";
			};
			name = Debug;
		};
		0951263E1AB92E6A00D95B2A /* Release */ = {
			isa = XCBuildConfiguration;
			buildSettings = {
				ASSETCATALOG_COMPILER_APPICON_NAME = AppIcon;
				INFOPLIST_FILE = NSUserDefaultsShootOut/Info.plist;
				LD_RUNPATH_SEARCH_PATHS = "$(inherited) @executable_path/Frameworks";
				PRODUCT_NAME = "$(TARGET_NAME)";
			};
			name = Release;
		};
		095126401AB92E6A00D95B2A /* Debug */ = {
			isa = XCBuildConfiguration;
			buildSettings = {
				BUNDLE_LOADER = "$(TEST_HOST)";
				FRAMEWORK_SEARCH_PATHS = (
					"$(SDKROOT)/Developer/Library/Frameworks",
					"$(inherited)",
				);
				GCC_PREPROCESSOR_DEFINITIONS = (
					"DEBUG=1",
					"$(inherited)",
				);
				INFOPLIST_FILE = NSUserDefaultsShootOutTests/Info.plist;
				LD_RUNPATH_SEARCH_PATHS = "$(inherited) @executable_path/Frameworks @loader_path/Frameworks";
				PRODUCT_NAME = "$(TARGET_NAME)";
				TEST_HOST = "$(BUILT_PRODUCTS_DIR)/NSUserDefaultsShootOut.app/NSUserDefaultsShootOut";
			};
			name = Debug;
		};
		095126411AB92E6A00D95B2A /* Release */ = {
			isa = XCBuildConfiguration;
			buildSettings = {
				BUNDLE_LOADER = "$(TEST_HOST)";
				FRAMEWORK_SEARCH_PATHS = (
					"$(SDKROOT)/Developer/Library/Frameworks",
					"$(inherited)",
				);
				INFOPLIST_FILE = NSUserDefaultsShootOutTests/Info.plist;
				LD_RUNPATH_SEARCH_PATHS = "$(inherited) @executable_path/Frameworks @loader_path/Frameworks";
				PRODUCT_NAME = "$(TARGET_NAME)";
				TEST_HOST = "$(BUILT_PRODUCTS_DIR)/NSUserDefaultsShootOut.app/NSUserDefaultsShootOut";
			};
			name = Release;
		};
		095126671AB92E8000D95B2A /* Debug */ = {
			isa = XCBuildConfiguration;
			buildSettings = {
				ASSETCATALOG_COMPILER_APPICON_NAME = AppIcon;
				GCC_PREPROCESSOR_DEFINITIONS = (
					"DEBUG=1",
					"$(inherited)",
				);
				INFOPLIST_FILE = NSKeyedArchiverShootOut/Info.plist;
				LD_RUNPATH_SEARCH_PATHS = "$(inherited) @executable_path/Frameworks";
				PRODUCT_NAME = "$(TARGET_NAME)";
			};
			name = Debug;
		};
		095126681AB92E8000D95B2A /* Release */ = {
			isa = XCBuildConfiguration;
			buildSettings = {
				ASSETCATALOG_COMPILER_APPICON_NAME = AppIcon;
				INFOPLIST_FILE = NSKeyedArchiverShootOut/Info.plist;
				LD_RUNPATH_SEARCH_PATHS = "$(inherited) @executable_path/Frameworks";
				PRODUCT_NAME = "$(TARGET_NAME)";
			};
			name = Release;
		};
		0951266A1AB92E8000D95B2A /* Debug */ = {
			isa = XCBuildConfiguration;
			buildSettings = {
				BUNDLE_LOADER = "$(TEST_HOST)";
				FRAMEWORK_SEARCH_PATHS = (
					"$(SDKROOT)/Developer/Library/Frameworks",
					"$(inherited)",
				);
				GCC_PREPROCESSOR_DEFINITIONS = (
					"DEBUG=1",
					"$(inherited)",
				);
				INFOPLIST_FILE = NSKeyedArchiverShootOutTests/Info.plist;
				LD_RUNPATH_SEARCH_PATHS = "$(inherited) @executable_path/Frameworks @loader_path/Frameworks";
				PRODUCT_NAME = "$(TARGET_NAME)";
				TEST_HOST = "$(BUILT_PRODUCTS_DIR)/NSKeyedArchiverShootOut.app/NSKeyedArchiverShootOut";
			};
			name = Debug;
		};
		0951266B1AB92E8000D95B2A /* Release */ = {
			isa = XCBuildConfiguration;
			buildSettings = {
				BUNDLE_LOADER = "$(TEST_HOST)";
				FRAMEWORK_SEARCH_PATHS = (
					"$(SDKROOT)/Developer/Library/Frameworks",
					"$(inherited)",
				);
				INFOPLIST_FILE = NSKeyedArchiverShootOutTests/Info.plist;
				LD_RUNPATH_SEARCH_PATHS = "$(inherited) @executable_path/Frameworks @loader_path/Frameworks";
				PRODUCT_NAME = "$(TARGET_NAME)";
				TEST_HOST = "$(BUILT_PRODUCTS_DIR)/NSKeyedArchiverShootOut.app/NSKeyedArchiverShootOut";
			};
			name = Release;
		};
		09E7555F1AB9226200220D44 /* Debug */ = {
			isa = XCBuildConfiguration;
			buildSettings = {
				ALWAYS_SEARCH_USER_PATHS = NO;
				CLANG_CXX_LANGUAGE_STANDARD = "gnu++0x";
				CLANG_CXX_LIBRARY = "libc++";
				CLANG_ENABLE_MODULES = YES;
				CLANG_ENABLE_OBJC_ARC = YES;
				CLANG_WARN_BOOL_CONVERSION = YES;
				CLANG_WARN_CONSTANT_CONVERSION = YES;
				CLANG_WARN_DIRECT_OBJC_ISA_USAGE = YES_ERROR;
				CLANG_WARN_EMPTY_BODY = YES;
				CLANG_WARN_ENUM_CONVERSION = YES;
				CLANG_WARN_INT_CONVERSION = YES;
				CLANG_WARN_OBJC_ROOT_CLASS = YES_ERROR;
				CLANG_WARN_UNREACHABLE_CODE = YES;
				CLANG_WARN__DUPLICATE_METHOD_MATCH = YES;
				"CODE_SIGN_IDENTITY[sdk=iphoneos*]" = "iPhone Developer";
				COPY_PHASE_STRIP = NO;
				DEBUG_INFORMATION_FORMAT = dwarf;
				ENABLE_STRICT_OBJC_MSGSEND = YES;
				GCC_C_LANGUAGE_STANDARD = gnu99;
				GCC_DYNAMIC_NO_PIC = NO;
				GCC_OPTIMIZATION_LEVEL = 0;
				GCC_PREPROCESSOR_DEFINITIONS = (
					"DEBUG=1",
					"$(inherited)",
				);
				GCC_SYMBOLS_PRIVATE_EXTERN = NO;
				GCC_WARN_64_TO_32_BIT_CONVERSION = YES;
				GCC_WARN_ABOUT_RETURN_TYPE = YES_ERROR;
				GCC_WARN_UNDECLARED_SELECTOR = YES;
				GCC_WARN_UNINITIALIZED_AUTOS = YES_AGGRESSIVE;
				GCC_WARN_UNUSED_FUNCTION = YES;
				GCC_WARN_UNUSED_VARIABLE = YES;
				IPHONEOS_DEPLOYMENT_TARGET = 8.3;
				MTL_ENABLE_DEBUG_INFO = YES;
				ONLY_ACTIVE_ARCH = YES;
				SDKROOT = iphoneos;
			};
			name = Debug;
		};
		09E755601AB9226200220D44 /* Release */ = {
			isa = XCBuildConfiguration;
			buildSettings = {
				ALWAYS_SEARCH_USER_PATHS = NO;
				CLANG_CXX_LANGUAGE_STANDARD = "gnu++0x";
				CLANG_CXX_LIBRARY = "libc++";
				CLANG_ENABLE_MODULES = YES;
				CLANG_ENABLE_OBJC_ARC = YES;
				CLANG_WARN_BOOL_CONVERSION = YES;
				CLANG_WARN_CONSTANT_CONVERSION = YES;
				CLANG_WARN_DIRECT_OBJC_ISA_USAGE = YES_ERROR;
				CLANG_WARN_EMPTY_BODY = YES;
				CLANG_WARN_ENUM_CONVERSION = YES;
				CLANG_WARN_INT_CONVERSION = YES;
				CLANG_WARN_OBJC_ROOT_CLASS = YES_ERROR;
				CLANG_WARN_UNREACHABLE_CODE = YES;
				CLANG_WARN__DUPLICATE_METHOD_MATCH = YES;
				"CODE_SIGN_IDENTITY[sdk=iphoneos*]" = "iPhone Developer";
				COPY_PHASE_STRIP = NO;
				DEBUG_INFORMATION_FORMAT = "dwarf-with-dsym";
				ENABLE_NS_ASSERTIONS = NO;
				ENABLE_STRICT_OBJC_MSGSEND = YES;
				GCC_C_LANGUAGE_STANDARD = gnu99;
				GCC_WARN_64_TO_32_BIT_CONVERSION = YES;
				GCC_WARN_ABOUT_RETURN_TYPE = YES_ERROR;
				GCC_WARN_UNDECLARED_SELECTOR = YES;
				GCC_WARN_UNINITIALIZED_AUTOS = YES_AGGRESSIVE;
				GCC_WARN_UNUSED_FUNCTION = YES;
				GCC_WARN_UNUSED_VARIABLE = YES;
				IPHONEOS_DEPLOYMENT_TARGET = 8.3;
				MTL_ENABLE_DEBUG_INFO = NO;
				SDKROOT = iphoneos;
				VALIDATE_PRODUCT = YES;
			};
			name = Release;
		};
		09E755621AB9226200220D44 /* Debug */ = {
			isa = XCBuildConfiguration;
			baseConfigurationReference = 8A30060F9C53920C8CC3CBE7 /* Pods-YAPShootOut.debug.xcconfig */;
			buildSettings = {
				ASSETCATALOG_COMPILER_APPICON_NAME = AppIcon;
				INFOPLIST_FILE = YAPShootOut/Info.plist;
				LD_RUNPATH_SEARCH_PATHS = "$(inherited) @executable_path/Frameworks";
				PRODUCT_NAME = "$(TARGET_NAME)";
			};
			name = Debug;
		};
		09E755631AB9226200220D44 /* Release */ = {
			isa = XCBuildConfiguration;
			baseConfigurationReference = DABD193C3AF80A795C0CC73E /* Pods-YAPShootOut.release.xcconfig */;
			buildSettings = {
				ASSETCATALOG_COMPILER_APPICON_NAME = AppIcon;
				INFOPLIST_FILE = YAPShootOut/Info.plist;
				LD_RUNPATH_SEARCH_PATHS = "$(inherited) @executable_path/Frameworks";
				PRODUCT_NAME = "$(TARGET_NAME)";
			};
			name = Release;
		};
		09E755651AB9226200220D44 /* Debug */ = {
			isa = XCBuildConfiguration;
			buildSettings = {
				BUNDLE_LOADER = "$(TEST_HOST)";
				FRAMEWORK_SEARCH_PATHS = (
					"$(SDKROOT)/Developer/Library/Frameworks",
					"$(inherited)",
				);
				GCC_PREPROCESSOR_DEFINITIONS = (
					"DEBUG=1",
					"$(inherited)",
				);
				INFOPLIST_FILE = YAPShootOutTests/Info.plist;
				LD_RUNPATH_SEARCH_PATHS = "$(inherited) @executable_path/Frameworks @loader_path/Frameworks";
				PRODUCT_NAME = "$(TARGET_NAME)";
				TEST_HOST = "$(BUILT_PRODUCTS_DIR)/YAPShootOut.app/YAPShootOut";
			};
			name = Debug;
		};
		09E755661AB9226200220D44 /* Release */ = {
			isa = XCBuildConfiguration;
			buildSettings = {
				BUNDLE_LOADER = "$(TEST_HOST)";
				FRAMEWORK_SEARCH_PATHS = (
					"$(SDKROOT)/Developer/Library/Frameworks",
					"$(inherited)",
				);
				INFOPLIST_FILE = YAPShootOutTests/Info.plist;
				LD_RUNPATH_SEARCH_PATHS = "$(inherited) @executable_path/Frameworks @loader_path/Frameworks";
				PRODUCT_NAME = "$(TARGET_NAME)";
				TEST_HOST = "$(BUILT_PRODUCTS_DIR)/YAPShootOut.app/YAPShootOut";
			};
			name = Release;
		};
/* End XCBuildConfiguration section */

/* Begin XCConfigurationList section */
		095125981AB92B9F00D95B2A /* Build configuration list for PBXNativeTarget "FMDBShootOut" */ = {
			isa = XCConfigurationList;
			buildConfigurations = (
				095125941AB92B9F00D95B2A /* Debug */,
				095125951AB92B9F00D95B2A /* Release */,
			);
			defaultConfigurationIsVisible = 0;
			defaultConfigurationName = Release;
		};
		095125991AB92B9F00D95B2A /* Build configuration list for PBXNativeTarget "FMDBShootOutTests" */ = {
			isa = XCConfigurationList;
			buildConfigurations = (
				095125961AB92B9F00D95B2A /* Debug */,
				095125971AB92B9F00D95B2A /* Release */,
			);
			defaultConfigurationIsVisible = 0;
			defaultConfigurationName = Release;
		};
		095125BE1AB92E2300D95B2A /* Build configuration list for PBXNativeTarget "RLiteShootOut" */ = {
			isa = XCConfigurationList;
			buildConfigurations = (
				095125BF1AB92E2300D95B2A /* Debug */,
				095125C01AB92E2300D95B2A /* Release */,
			);
			defaultConfigurationIsVisible = 0;
			defaultConfigurationName = Release;
		};
		095125C11AB92E2300D95B2A /* Build configuration list for PBXNativeTarget "RLiteShootOutTests" */ = {
			isa = XCConfigurationList;
			buildConfigurations = (
				095125C21AB92E2300D95B2A /* Debug */,
				095125C31AB92E2300D95B2A /* Release */,
			);
			defaultConfigurationIsVisible = 0;
			defaultConfigurationName = Release;
		};
		095125E81AB92E3400D95B2A /* Build configuration list for PBXNativeTarget "RealmShootOut" */ = {
			isa = XCConfigurationList;
			buildConfigurations = (
				095125E91AB92E3400D95B2A /* Debug */,
				095125EA1AB92E3400D95B2A /* Release */,
			);
			defaultConfigurationIsVisible = 0;
			defaultConfigurationName = Release;
		};
		095125EB1AB92E3400D95B2A /* Build configuration list for PBXNativeTarget "RealmShootOutTests" */ = {
			isa = XCConfigurationList;
			buildConfigurations = (
				095125EC1AB92E3400D95B2A /* Debug */,
				095125ED1AB92E3400D95B2A /* Release */,
			);
			defaultConfigurationIsVisible = 0;
			defaultConfigurationName = Release;
		};
		095126121AB92E4900D95B2A /* Build configuration list for PBXNativeTarget "CoreDataShootOut" */ = {
			isa = XCConfigurationList;
			buildConfigurations = (
				095126131AB92E4900D95B2A /* Debug */,
				095126141AB92E4900D95B2A /* Release */,
			);
			defaultConfigurationIsVisible = 0;
			defaultConfigurationName = Release;
		};
		095126151AB92E4900D95B2A /* Build configuration list for PBXNativeTarget "CoreDataShootOutTests" */ = {
			isa = XCConfigurationList;
			buildConfigurations = (
				095126161AB92E4900D95B2A /* Debug */,
				095126171AB92E4900D95B2A /* Release */,
			);
			defaultConfigurationIsVisible = 0;
			defaultConfigurationName = Release;
		};
		0951263C1AB92E6A00D95B2A /* Build configuration list for PBXNativeTarget "NSUserDefaultsShootOut" */ = {
			isa = XCConfigurationList;
			buildConfigurations = (
				0951263D1AB92E6A00D95B2A /* Debug */,
				0951263E1AB92E6A00D95B2A /* Release */,
			);
			defaultConfigurationIsVisible = 0;
			defaultConfigurationName = Release;
		};
		0951263F1AB92E6A00D95B2A /* Build configuration list for PBXNativeTarget "NSUserDefaultsShootOutTests" */ = {
			isa = XCConfigurationList;
			buildConfigurations = (
				095126401AB92E6A00D95B2A /* Debug */,
				095126411AB92E6A00D95B2A /* Release */,
			);
			defaultConfigurationIsVisible = 0;
			defaultConfigurationName = Release;
		};
		095126661AB92E8000D95B2A /* Build configuration list for PBXNativeTarget "NSKeyedArchiverShootOut" */ = {
			isa = XCConfigurationList;
			buildConfigurations = (
				095126671AB92E8000D95B2A /* Debug */,
				095126681AB92E8000D95B2A /* Release */,
			);
			defaultConfigurationIsVisible = 0;
			defaultConfigurationName = Release;
		};
		095126691AB92E8000D95B2A /* Build configuration list for PBXNativeTarget "NSKeyedArchiverShootOutTests" */ = {
			isa = XCConfigurationList;
			buildConfigurations = (
				0951266A1AB92E8000D95B2A /* Debug */,
				0951266B1AB92E8000D95B2A /* Release */,
			);
			defaultConfigurationIsVisible = 0;
			defaultConfigurationName = Release;
		};
		09E755391AB9226200220D44 /* Build configuration list for PBXProject "ShootOut" */ = {
			isa = XCConfigurationList;
			buildConfigurations = (
				09E7555F1AB9226200220D44 /* Debug */,
				09E755601AB9226200220D44 /* Release */,
			);
			defaultConfigurationIsVisible = 0;
			defaultConfigurationName = Release;
		};
		09E755611AB9226200220D44 /* Build configuration list for PBXNativeTarget "YAPShootOut" */ = {
			isa = XCConfigurationList;
			buildConfigurations = (
				09E755621AB9226200220D44 /* Debug */,
				09E755631AB9226200220D44 /* Release */,
			);
			defaultConfigurationIsVisible = 0;
			defaultConfigurationName = Release;
		};
		09E755641AB9226200220D44 /* Build configuration list for PBXNativeTarget "YAPShootOutTests" */ = {
			isa = XCConfigurationList;
			buildConfigurations = (
				09E755651AB9226200220D44 /* Debug */,
				09E755661AB9226200220D44 /* Release */,
			);
			defaultConfigurationIsVisible = 0;
			defaultConfigurationName = Release;
		};
/* End XCConfigurationList section */
	};
	rootObject = 09E755361AB9226200220D44 /* Project object */;
}
